// !$*UTF8*$!
{
	archiveVersion = 1;
	classes = {
	};
	objectVersion = 46;
	objects = {

/* Begin PBXBuildFile section */
		470932751FBD403B003A059A /* ProfileViewController.swift in Sources */ = {isa = PBXBuildFile; fileRef = 470932741FBD403B003A059A /* ProfileViewController.swift */; };
		47299F5D1FD8C58F007B2C5B /* icons8-camera-32.png in Resources */ = {isa = PBXBuildFile; fileRef = 47299F5C1FD8C58E007B2C5B /* icons8-camera-32.png */; };
		47299F5F1FD8C5D8007B2C5B /* icons8-camera-96.png in Resources */ = {isa = PBXBuildFile; fileRef = 47299F5E1FD8C5D8007B2C5B /* icons8-camera-96.png */; };
		4737C68F1FD9822400F2D030 /* MessagesDetailViewController.swift in Sources */ = {isa = PBXBuildFile; fileRef = 4737C68E1FD9822400F2D030 /* MessagesDetailViewController.swift */; };
		4750A0D91FD8A3620027BFF4 /* userPic.png in Resources */ = {isa = PBXBuildFile; fileRef = 4750A0D81FD8A3610027BFF4 /* userPic.png */; };
		4750A0E01FD8A37F0027BFF4 /* iconPhone.png in Resources */ = {isa = PBXBuildFile; fileRef = 4750A0DA1FD8A37E0027BFF4 /* iconPhone.png */; };
		4750A0E11FD8A37F0027BFF4 /* iconPuzzle.png in Resources */ = {isa = PBXBuildFile; fileRef = 4750A0DB1FD8A37E0027BFF4 /* iconPuzzle.png */; };
		4750A0E21FD8A37F0027BFF4 /* iconUser.png in Resources */ = {isa = PBXBuildFile; fileRef = 4750A0DC1FD8A37E0027BFF4 /* iconUser.png */; };
		4750A0E31FD8A37F0027BFF4 /* iconEmail.png in Resources */ = {isa = PBXBuildFile; fileRef = 4750A0DD1FD8A37E0027BFF4 /* iconEmail.png */; };
		4750A0E41FD8A37F0027BFF4 /* iconHome.png in Resources */ = {isa = PBXBuildFile; fileRef = 4750A0DE1FD8A37E0027BFF4 /* iconHome.png */; };
		4750A0E51FD8A37F0027BFF4 /* iconPassword.png in Resources */ = {isa = PBXBuildFile; fileRef = 4750A0DF1FD8A37E0027BFF4 /* iconPassword.png */; };
		4750A0E71FD8ADDC0027BFF4 /* MessagesViewController.swift in Sources */ = {isa = PBXBuildFile; fileRef = 4750A0E61FD8ADDC0027BFF4 /* MessagesViewController.swift */; };
		4750A0E91FD8BB390027BFF4 /* LogoSplash.png in Resources */ = {isa = PBXBuildFile; fileRef = 4750A0E81FD8BB390027BFF4 /* LogoSplash.png */; };
		4750A0EC1FD8BDB10027BFF4 /* Logo180x180.png in Resources */ = {isa = PBXBuildFile; fileRef = 4750A0EA1FD8BDB10027BFF4 /* Logo180x180.png */; };
		4750A0ED1FD8BDB10027BFF4 /* Logo120x120.png in Resources */ = {isa = PBXBuildFile; fileRef = 4750A0EB1FD8BDB10027BFF4 /* Logo120x120.png */; };
		478187A71FAC173300B4F284 /* LoginSigninToggleViewController.swift in Sources */ = {isa = PBXBuildFile; fileRef = 478187A61FAC173300B4F284 /* LoginSigninToggleViewController.swift */; };
		4781882E1FAC1D1100B4F284 /* Email Address or Mobile Number.png in Resources */ = {isa = PBXBuildFile; fileRef = 478187AA1FAC1D1100B4F284 /* Email Address or Mobile Number.png */; };
		4781882F1FAC1D1100B4F284 /* Forgot PasswordPlease enter the email address or mobile numberassociated with your account to receive a reset link..png in Resources */ = {isa = PBXBuildFile; fileRef = 478187AB1FAC1D1100B4F284 /* Forgot PasswordPlease enter the email address or mobile numberassociated with your account to receive a reset link..png */; };
		478188301FAC1D1100B4F284 /* Go Back.png in Resources */ = {isa = PBXBuildFile; fileRef = 478187AC1FAC1D1100B4F284 /* Go Back.png */; };
		478188311FAC1D1100B4F284 /* Group 313.png in Resources */ = {isa = PBXBuildFile; fileRef = 478187AD1FAC1D1100B4F284 /* Group 313.png */; };
		478188321FAC1D1100B4F284 /* Group 314.png in Resources */ = {isa = PBXBuildFile; fileRef = 478187AE1FAC1D1100B4F284 /* Group 314.png */; };
		478188331FAC1D1100B4F284 /* Group 315.png in Resources */ = {isa = PBXBuildFile; fileRef = 478187AF1FAC1D1100B4F284 /* Group 315.png */; };
		478188341FAC1D1100B4F284 /* Group 316.png in Resources */ = {isa = PBXBuildFile; fileRef = 478187B01FAC1D1100B4F284 /* Group 316.png */; };
		478188351FAC1D1100B4F284 /* Image 4.png in Resources */ = {isa = PBXBuildFile; fileRef = 478187B11FAC1D1100B4F284 /* Image 4.png */; };
		478188361FAC1D1100B4F284 /* Image 5.png in Resources */ = {isa = PBXBuildFile; fileRef = 478187B21FAC1D1100B4F284 /* Image 5.png */; };
		478188371FAC1D1100B4F284 /* Line 10.png in Resources */ = {isa = PBXBuildFile; fileRef = 478187B31FAC1D1100B4F284 /* Line 10.png */; };
		478188381FAC1D1100B4F284 /* Line 11.png in Resources */ = {isa = PBXBuildFile; fileRef = 478187B41FAC1D1100B4F284 /* Line 11.png */; };
		478188391FAC1D1100B4F284 /* Login with Facebook.png in Resources */ = {isa = PBXBuildFile; fileRef = 478187B51FAC1D1100B4F284 /* Login with Facebook.png */; };
		4781883A1FAC1D1100B4F284 /* Login with Twitter.png in Resources */ = {isa = PBXBuildFile; fileRef = 478187B61FAC1D1100B4F284 /* Login with Twitter.png */; };
		4781883B1FAC1D1100B4F284 /* Rectangle 180.png in Resources */ = {isa = PBXBuildFile; fileRef = 478187B71FAC1D1100B4F284 /* Rectangle 180.png */; };
		4781883C1FAC1D1100B4F284 /* Rectangle 181.png in Resources */ = {isa = PBXBuildFile; fileRef = 478187B81FAC1D1100B4F284 /* Rectangle 181.png */; };
		4781883D1FAC1D1100B4F284 /* Rectangle 182.png in Resources */ = {isa = PBXBuildFile; fileRef = 478187B91FAC1D1100B4F284 /* Rectangle 182.png */; };
		4781883E1FAC1D1100B4F284 /* Rectangle 186.png in Resources */ = {isa = PBXBuildFile; fileRef = 478187BA1FAC1D1100B4F284 /* Rectangle 186.png */; };
		4781883F1FAC1D1100B4F284 /* Rectangle 187.png in Resources */ = {isa = PBXBuildFile; fileRef = 478187BB1FAC1D1100B4F284 /* Rectangle 187.png */; };
		478188401FAC1D1100B4F284 /* Rectangle 188.png in Resources */ = {isa = PBXBuildFile; fileRef = 478187BC1FAC1D1100B4F284 /* Rectangle 188.png */; };
		478188411FAC1D1100B4F284 /* SEND RESET LINK.png in Resources */ = {isa = PBXBuildFile; fileRef = 478187BD1FAC1D1100B4F284 /* SEND RESET LINK.png */; };
		478188421FAC1D1100B4F284 /* SIGN IN.png in Resources */ = {isa = PBXBuildFile; fileRef = 478187BE1FAC1D1100B4F284 /* SIGN IN.png */; };
		478188431FAC1D1100B4F284 /* SIGN UP.png in Resources */ = {isa = PBXBuildFile; fileRef = 478187BF1FAC1D1100B4F284 /* SIGN UP.png */; };
		478188441FAC1D1100B4F284 /* Logo.PNG in Resources */ = {isa = PBXBuildFile; fileRef = 478187C01FAC1D1100B4F284 /* Logo.PNG */; };
		478188451FAC1D1100B4F284 /* Avatar.png in Resources */ = {isa = PBXBuildFile; fileRef = 478187C21FAC1D1100B4F284 /* Avatar.png */; };
		478188461FAC1D1100B4F284 /* Drawer bg.png in Resources */ = {isa = PBXBuildFile; fileRef = 478187C31FAC1D1100B4F284 /* Drawer bg.png */; };
		478188471FAC1D1100B4F284 /* Elle Boogie.png in Resources */ = {isa = PBXBuildFile; fileRef = 478187C41FAC1D1100B4F284 /* Elle Boogie.png */; };
		478188481FAC1D1100B4F284 /* Ellipse 40.png in Resources */ = {isa = PBXBuildFile; fileRef = 478187C51FAC1D1100B4F284 /* Ellipse 40.png */; };
		478188491FAC1D1100B4F284 /* Group 323.png in Resources */ = {isa = PBXBuildFile; fileRef = 478187C61FAC1D1100B4F284 /* Group 323.png */; };
		4781884A1FAC1D1100B4F284 /* Mask Group 7.png in Resources */ = {isa = PBXBuildFile; fileRef = 478187C71FAC1D1100B4F284 /* Mask Group 7.png */; };
		4781884B1FAC1D1100B4F284 /* Rectangle 193.png in Resources */ = {isa = PBXBuildFile; fileRef = 478187C81FAC1D1100B4F284 /* Rectangle 193.png */; };
		4781884C1FAC1D1100B4F284 /* Row-1.png in Resources */ = {isa = PBXBuildFile; fileRef = 478187C91FAC1D1100B4F284 /* Row-1.png */; };
		4781884D1FAC1D1100B4F284 /* Row-2.png in Resources */ = {isa = PBXBuildFile; fileRef = 478187CA1FAC1D1100B4F284 /* Row-2.png */; };
		4781884E1FAC1D1100B4F284 /* Row-3.png in Resources */ = {isa = PBXBuildFile; fileRef = 478187CB1FAC1D1100B4F284 /* Row-3.png */; };
		4781884F1FAC1D1100B4F284 /* Row-4.png in Resources */ = {isa = PBXBuildFile; fileRef = 478187CC1FAC1D1100B4F284 /* Row-4.png */; };
		478188501FAC1D1100B4F284 /* Row-5.png in Resources */ = {isa = PBXBuildFile; fileRef = 478187CD1FAC1D1100B4F284 /* Row-5.png */; };
		478188511FAC1D1100B4F284 /* Row.png in Resources */ = {isa = PBXBuildFile; fileRef = 478187CE1FAC1D1100B4F284 /* Row.png */; };
		478188531FAC1D1100B4F284 /* A confirmation email has been sent toemailaddress@domain.comPlease click on the Verify Email Address linkin the email to begin writing your Legacy..png in Resources */ = {isa = PBXBuildFile; fileRef = 478187D11FAC1D1100B4F284 /* A confirmation email has been sent toemailaddress@domain.comPlease click on the Verify Email Address linkin the email to begin writing your Legacy..png */; };
		478188541FAC1D1100B4F284 /* Group 320.png in Resources */ = {isa = PBXBuildFile; fileRef = 478187D21FAC1D1100B4F284 /* Group 320.png */; };
		478188551FAC1D1100B4F284 /* Group 321.png in Resources */ = {isa = PBXBuildFile; fileRef = 478187D31FAC1D1100B4F284 /* Group 321.png */; };
		478188561FAC1D1100B4F284 /* Incorrect Email Address.png in Resources */ = {isa = PBXBuildFile; fileRef = 478187D41FAC1D1100B4F284 /* Incorrect Email Address.png */; };
		478188571FAC1D1100B4F284 /* Mask Group 2.png in Resources */ = {isa = PBXBuildFile; fileRef = 478187D51FAC1D1100B4F284 /* Mask Group 2.png */; };
		478188581FAC1D1100B4F284 /* Rectangle 189.png in Resources */ = {isa = PBXBuildFile; fileRef = 478187D61FAC1D1100B4F284 /* Rectangle 189.png */; };
		478188591FAC1D1100B4F284 /* Rectangle 190.png in Resources */ = {isa = PBXBuildFile; fileRef = 478187D71FAC1D1100B4F284 /* Rectangle 190.png */; };
		4781885A1FAC1D1100B4F284 /* Rectangle 191.png in Resources */ = {isa = PBXBuildFile; fileRef = 478187D81FAC1D1100B4F284 /* Rectangle 191.png */; };
		4781885B1FAC1D1100B4F284 /* SIGN IN.png in Resources */ = {isa = PBXBuildFile; fileRef = 478187D91FAC1D1100B4F284 /* SIGN IN.png */; };
		4781885C1FAC1D1100B4F284 /* SIGN UP.png in Resources */ = {isa = PBXBuildFile; fileRef = 478187DA1FAC1D1100B4F284 /* SIGN UP.png */; };
		4781885D1FAC1D1100B4F284 /* Symbol 1 - 5.png in Resources */ = {isa = PBXBuildFile; fileRef = 478187DB1FAC1D1100B4F284 /* Symbol 1 - 5.png */; };
		4781885E1FAC1D1100B4F284 /* Terms & Conditions and Privacy Policy.png in Resources */ = {isa = PBXBuildFile; fileRef = 478187DC1FAC1D1100B4F284 /* Terms & Conditions and Privacy Policy.png */; };
		4781885F1FAC1D1100B4F284 /* Welcome, Elle!.png in Resources */ = {isa = PBXBuildFile; fileRef = 478187DD1FAC1D1100B4F284 /* Welcome, Elle!.png */; };
		478188601FAC1D1100B4F284 /* CONTINUE.png in Resources */ = {isa = PBXBuildFile; fileRef = 478187DF1FAC1D1100B4F284 /* CONTINUE.png */; };
		478188611FAC1D1100B4F284 /* Email Address.png in Resources */ = {isa = PBXBuildFile; fileRef = 478187E01FAC1D1100B4F284 /* Email Address.png */; };
		478188621FAC1D1100B4F284 /* Forgot Password.png in Resources */ = {isa = PBXBuildFile; fileRef = 478187E11FAC1D1100B4F284 /* Forgot Password.png */; };
		478188631FAC1D1100B4F284 /* Group 291.png in Resources */ = {isa = PBXBuildFile; fileRef = 478187E21FAC1D1100B4F284 /* Group 291.png */; };
		478188641FAC1D1100B4F284 /* BetterBackground.png in Resources */ = {isa = PBXBuildFile; fileRef = 478187E31FAC1D1100B4F284 /* BetterBackground.png */; };
		478188651FAC1D1100B4F284 /* QuillLogo.png in Resources */ = {isa = PBXBuildFile; fileRef = 478187E41FAC1D1100B4F284 /* QuillLogo.png */; };
		478188661FAC1D1100B4F284 /* Image 2.png in Resources */ = {isa = PBXBuildFile; fileRef = 478187E51FAC1D1100B4F284 /* Image 2.png */; };
		478188671FAC1D1100B4F284 /* Image 3.png in Resources */ = {isa = PBXBuildFile; fileRef = 478187E61FAC1D1100B4F284 /* Image 3.png */; };
		478188681FAC1D1100B4F284 /* Line 1.png in Resources */ = {isa = PBXBuildFile; fileRef = 478187E71FAC1D1100B4F284 /* Line 1.png */; };
		478188691FAC1D1100B4F284 /* Line 2.png in Resources */ = {isa = PBXBuildFile; fileRef = 478187E81FAC1D1100B4F284 /* Line 2.png */; };
		4781886A1FAC1D1100B4F284 /* Login with Facebook.png in Resources */ = {isa = PBXBuildFile; fileRef = 478187E91FAC1D1100B4F284 /* Login with Facebook.png */; };
		4781886B1FAC1D1100B4F284 /* Login with Twitter.png in Resources */ = {isa = PBXBuildFile; fileRef = 478187EA1FAC1D1100B4F284 /* Login with Twitter.png */; };
		4781886C1FAC1D1100B4F284 /* navbar.png in Resources */ = {isa = PBXBuildFile; fileRef = 478187EB1FAC1D1100B4F284 /* navbar.png */; };
		4781886D1FAC1D1100B4F284 /* Password.png in Resources */ = {isa = PBXBuildFile; fileRef = 478187EC1FAC1D1100B4F284 /* Password.png */; };
		4781886E1FAC1D1100B4F284 /* Rectangle 161.png in Resources */ = {isa = PBXBuildFile; fileRef = 478187ED1FAC1D1100B4F284 /* Rectangle 161.png */; };
		4781886F1FAC1D1100B4F284 /* Rectangle 162.png in Resources */ = {isa = PBXBuildFile; fileRef = 478187EE1FAC1D1100B4F284 /* Rectangle 162.png */; };
		478188701FAC1D1100B4F284 /* Rectangle 163.png in Resources */ = {isa = PBXBuildFile; fileRef = 478187EF1FAC1D1100B4F284 /* Rectangle 163.png */; };
		478188711FAC1D1100B4F284 /* Rectangle 167.png in Resources */ = {isa = PBXBuildFile; fileRef = 478187F01FAC1D1100B4F284 /* Rectangle 167.png */; };
		478188721FAC1D1100B4F284 /* Rectangle 178.png in Resources */ = {isa = PBXBuildFile; fileRef = 478187F11FAC1D1100B4F284 /* Rectangle 178.png */; };
		478188731FAC1D1100B4F284 /* Rectangle 179.png in Resources */ = {isa = PBXBuildFile; fileRef = 478187F21FAC1D1100B4F284 /* Rectangle 179.png */; };
		478188741FAC1D1100B4F284 /* SIGN IN.png in Resources */ = {isa = PBXBuildFile; fileRef = 478187F31FAC1D1100B4F284 /* SIGN IN.png */; };
		478188751FAC1D1100B4F284 /* SIGN UP.png in Resources */ = {isa = PBXBuildFile; fileRef = 478187F41FAC1D1100B4F284 /* SIGN UP.png */; };
		478188761FAC1D1100B4F284 /* sysbar_dark.png in Resources */ = {isa = PBXBuildFile; fileRef = 478187F51FAC1D1100B4F284 /* sysbar_dark.png */; };
		478188771FAC1D1100B4F284 /* Union 2.png in Resources */ = {isa = PBXBuildFile; fileRef = 478187F61FAC1D1100B4F284 /* Union 2.png */; };
		478188781FAC1D1100B4F284 /* By creating an account, you are agreeing toour Terms & Conditions and Privacy Policy..png in Resources */ = {isa = PBXBuildFile; fileRef = 478187F81FAC1D1100B4F284 /* By creating an account, you are agreeing toour Terms & Conditions and Privacy Policy..png */; };
		478188791FAC1D1100B4F284 /* Confirm Email.png in Resources */ = {isa = PBXBuildFile; fileRef = 478187F91FAC1D1100B4F284 /* Confirm Email.png */; };
		4781887A1FAC1D1100B4F284 /* Confirm Password.png in Resources */ = {isa = PBXBuildFile; fileRef = 478187FA1FAC1D1100B4F284 /* Confirm Password.png */; };
		4781887B1FAC1D1100B4F284 /* CREATE ACCOUNT.png in Resources */ = {isa = PBXBuildFile; fileRef = 478187FB1FAC1D1100B4F284 /* CREATE ACCOUNT.png */; };
		4781887C1FAC1D1100B4F284 /* Date of Birth.png in Resources */ = {isa = PBXBuildFile; fileRef = 478187FC1FAC1D1100B4F284 /* Date of Birth.png */; };
		4781887D1FAC1D1100B4F284 /* Email Address.png in Resources */ = {isa = PBXBuildFile; fileRef = 478187FD1FAC1D1100B4F284 /* Email Address.png */; };
		4781887E1FAC1D1200B4F284 /* Female.png in Resources */ = {isa = PBXBuildFile; fileRef = 478187FE1FAC1D1100B4F284 /* Female.png */; };
		4781887F1FAC1D1200B4F284 /* First Name.png in Resources */ = {isa = PBXBuildFile; fileRef = 478187FF1FAC1D1100B4F284 /* First Name.png */; };
		478188801FAC1D1200B4F284 /* Group 301.png in Resources */ = {isa = PBXBuildFile; fileRef = 478188001FAC1D1100B4F284 /* Group 301.png */; };
		478188811FAC1D1200B4F284 /* Group 302.png in Resources */ = {isa = PBXBuildFile; fileRef = 478188011FAC1D1100B4F284 /* Group 302.png */; };
		478188821FAC1D1200B4F284 /* Group 303.png in Resources */ = {isa = PBXBuildFile; fileRef = 478188021FAC1D1100B4F284 /* Group 303.png */; };
		478188831FAC1D1200B4F284 /* Group 304.png in Resources */ = {isa = PBXBuildFile; fileRef = 478188031FAC1D1100B4F284 /* Group 304.png */; };
		478188841FAC1D1200B4F284 /* Group 305.png in Resources */ = {isa = PBXBuildFile; fileRef = 478188041FAC1D1100B4F284 /* Group 305.png */; };
		478188851FAC1D1200B4F284 /* Group 312.png in Resources */ = {isa = PBXBuildFile; fileRef = 478188051FAC1D1100B4F284 /* Group 312.png */; };
		478188861FAC1D1200B4F284 /* Icon-1.png in Resources */ = {isa = PBXBuildFile; fileRef = 478188061FAC1D1100B4F284 /* Icon-1.png */; };
		478188871FAC1D1200B4F284 /* Icon.png in Resources */ = {isa = PBXBuildFile; fileRef = 478188071FAC1D1100B4F284 /* Icon.png */; };
		478188881FAC1D1200B4F284 /* Last Name.png in Resources */ = {isa = PBXBuildFile; fileRef = 478188081FAC1D1100B4F284 /* Last Name.png */; };
		478188891FAC1D1200B4F284 /* Line 3.png in Resources */ = {isa = PBXBuildFile; fileRef = 478188091FAC1D1100B4F284 /* Line 3.png */; };
		4781888A1FAC1D1200B4F284 /* Line 4.png in Resources */ = {isa = PBXBuildFile; fileRef = 4781880A1FAC1D1100B4F284 /* Line 4.png */; };
		4781888B1FAC1D1200B4F284 /* Line 6.png in Resources */ = {isa = PBXBuildFile; fileRef = 4781880B1FAC1D1100B4F284 /* Line 6.png */; };
		4781888C1FAC1D1200B4F284 /* Line 7.png in Resources */ = {isa = PBXBuildFile; fileRef = 4781880C1FAC1D1100B4F284 /* Line 7.png */; };
		4781888D1FAC1D1200B4F284 /* Male.png in Resources */ = {isa = PBXBuildFile; fileRef = 4781880D1FAC1D1100B4F284 /* Male.png */; };
		4781888F1FAC1D1200B4F284 /* Radiobutton Off.png in Resources */ = {isa = PBXBuildFile; fileRef = 4781880F1FAC1D1100B4F284 /* Radiobutton Off.png */; };
		478188901FAC1D1200B4F284 /* Radiobutton On.png in Resources */ = {isa = PBXBuildFile; fileRef = 478188101FAC1D1100B4F284 /* Radiobutton On.png */; };
		478188911FAC1D1200B4F284 /* Rectangle 168.png in Resources */ = {isa = PBXBuildFile; fileRef = 478188111FAC1D1100B4F284 /* Rectangle 168.png */; };
		478188921FAC1D1200B4F284 /* Rectangle 169.png in Resources */ = {isa = PBXBuildFile; fileRef = 478188121FAC1D1100B4F284 /* Rectangle 169.png */; };
		478188931FAC1D1200B4F284 /* Rectangle 170.png in Resources */ = {isa = PBXBuildFile; fileRef = 478188131FAC1D1100B4F284 /* Rectangle 170.png */; };
		478188941FAC1D1200B4F284 /* Rectangle 171.png in Resources */ = {isa = PBXBuildFile; fileRef = 478188141FAC1D1100B4F284 /* Rectangle 171.png */; };
		478188951FAC1D1200B4F284 /* Shape.png in Resources */ = {isa = PBXBuildFile; fileRef = 478188151FAC1D1100B4F284 /* Shape.png */; };
		478188961FAC1D1200B4F284 /* SIGN IN.png in Resources */ = {isa = PBXBuildFile; fileRef = 478188161FAC1D1100B4F284 /* SIGN IN.png */; };
		478188971FAC1D1200B4F284 /* SIGN UP.png in Resources */ = {isa = PBXBuildFile; fileRef = 478188171FAC1D1100B4F284 /* SIGN UP.png */; };
		478188981FAC1D1200B4F284 /* Tap to Upload a Photo.png in Resources */ = {isa = PBXBuildFile; fileRef = 478188181FAC1D1100B4F284 /* Tap to Upload a Photo.png */; };
		478188991FAC1D1200B4F284 /* Union 30.png in Resources */ = {isa = PBXBuildFile; fileRef = 478188191FAC1D1100B4F284 /* Union 30.png */; };
		4781889A1FAC1D1200B4F284 /* Union 32.png in Resources */ = {isa = PBXBuildFile; fileRef = 4781881A1FAC1D1100B4F284 /* Union 32.png */; };
		4781889B1FAC1D1200B4F284 /* Burger Button.png in Resources */ = {isa = PBXBuildFile; fileRef = 4781881C1FAC1D1100B4F284 /* Burger Button.png */; };
		4781889C1FAC1D1200B4F284 /* Group 324.png in Resources */ = {isa = PBXBuildFile; fileRef = 4781881D1FAC1D1100B4F284 /* Group 324.png */; };
		4781889D1FAC1D1200B4F284 /* Group 325.png in Resources */ = {isa = PBXBuildFile; fileRef = 4781881E1FAC1D1100B4F284 /* Group 325.png */; };
		4781889E1FAC1D1200B4F284 /* Group 326.png in Resources */ = {isa = PBXBuildFile; fileRef = 4781881F1FAC1D1100B4F284 /* Group 326.png */; };
		4781889F1FAC1D1200B4F284 /* Group 328.png in Resources */ = {isa = PBXBuildFile; fileRef = 478188201FAC1D1100B4F284 /* Group 328.png */; };
		478188A01FAC1D1200B4F284 /* Group 329.png in Resources */ = {isa = PBXBuildFile; fileRef = 478188211FAC1D1100B4F284 /* Group 329.png */; };
		478188A11FAC1D1200B4F284 /* Group 330.png in Resources */ = {isa = PBXBuildFile; fileRef = 478188221FAC1D1100B4F284 /* Group 330.png */; };
		478188A21FAC1D1200B4F284 /* Group 331.png in Resources */ = {isa = PBXBuildFile; fileRef = 478188231FAC1D1100B4F284 /* Group 331.png */; };
		478188A31FAC1D1200B4F284 /* Group 332.png in Resources */ = {isa = PBXBuildFile; fileRef = 478188241FAC1D1100B4F284 /* Group 332.png */; };
		478188A41FAC1D1200B4F284 /* Group 333.png in Resources */ = {isa = PBXBuildFile; fileRef = 478188251FAC1D1100B4F284 /* Group 333.png */; };
		478188A51FAC1D1200B4F284 /* Mask Group 28.png in Resources */ = {isa = PBXBuildFile; fileRef = 478188261FAC1D1100B4F284 /* Mask Group 28.png */; };
		478188A61FAC1D1200B4F284 /* Mask Group 8.png in Resources */ = {isa = PBXBuildFile; fileRef = 478188271FAC1D1100B4F284 /* Mask Group 8.png */; };
		478188A71FAC1D1200B4F284 /* Name.png in Resources */ = {isa = PBXBuildFile; fileRef = 478188281FAC1D1100B4F284 /* Name.png */; };
		478188A81FAC1D1200B4F284 /* Rectangle 194.png in Resources */ = {isa = PBXBuildFile; fileRef = 478188291FAC1D1100B4F284 /* Rectangle 194.png */; };
		478188AA1FAC1D1200B4F284 /* Suggested Legacy Profiles....png in Resources */ = {isa = PBXBuildFile; fileRef = 4781882B1FAC1D1100B4F284 /* Suggested Legacy Profiles....png */; };
		478188AC1FAC1D1200B4F284 /* You are a Legacy Admin for....png in Resources */ = {isa = PBXBuildFile; fileRef = 4781882D1FAC1D1100B4F284 /* You are a Legacy Admin for....png */; };
		478912571FA135460054F8B1 /* background.png in Resources */ = {isa = PBXBuildFile; fileRef = 478912521FA135450054F8B1 /* background.png */; };
		478912581FA135460054F8B1 /* header.png in Resources */ = {isa = PBXBuildFile; fileRef = 478912531FA135450054F8B1 /* header.png */; };
		478912591FA135460054F8B1 /* login.png in Resources */ = {isa = PBXBuildFile; fileRef = 478912541FA135450054F8B1 /* login.png */; };
		4789125A1FA135460054F8B1 /* minitext.png in Resources */ = {isa = PBXBuildFile; fileRef = 478912551FA135450054F8B1 /* minitext.png */; };
		4789125B1FA135460054F8B1 /* signup.png in Resources */ = {isa = PBXBuildFile; fileRef = 478912561FA135450054F8B1 /* signup.png */; };
		478912661FA13C520054F8B1 /* icons8-Contacts_100.png in Resources */ = {isa = PBXBuildFile; fileRef = 4789125D1FA13C510054F8B1 /* icons8-Contacts_100.png */; };
		478912671FA13C520054F8B1 /* icons8-Contacts_50.png in Resources */ = {isa = PBXBuildFile; fileRef = 4789125E1FA13C510054F8B1 /* icons8-Contacts_50.png */; };
		478912691FA13C520054F8B1 /* icons8-Menu_100.png in Resources */ = {isa = PBXBuildFile; fileRef = 478912601FA13C510054F8B1 /* icons8-Menu_100.png */; };
		4789126A1FA13C520054F8B1 /* icons8-Menu_50.png in Resources */ = {isa = PBXBuildFile; fileRef = 478912611FA13C510054F8B1 /* icons8-Menu_50.png */; };
		4789126B1FA13C520054F8B1 /* icons8-Menu_500.png in Resources */ = {isa = PBXBuildFile; fileRef = 478912621FA13C510054F8B1 /* icons8-Menu_500.png */; };
		4789126C1FA13C520054F8B1 /* icons8-Settings_100.png in Resources */ = {isa = PBXBuildFile; fileRef = 478912631FA13C510054F8B1 /* icons8-Settings_100.png */; };
		4789126D1FA13C520054F8B1 /* icons8-Settings_50.png in Resources */ = {isa = PBXBuildFile; fileRef = 478912641FA13C510054F8B1 /* icons8-Settings_50.png */; };
		4789126E1FA13C520054F8B1 /* icons8-Settings_500.png in Resources */ = {isa = PBXBuildFile; fileRef = 478912651FA13C510054F8B1 /* icons8-Settings_500.png */; };
		478912721FA1460D0054F8B1 /* icons8-Home_100.png in Resources */ = {isa = PBXBuildFile; fileRef = 4789126F1FA1460B0054F8B1 /* icons8-Home_100.png */; };
		478912731FA1460D0054F8B1 /* icons8-Home_50.png in Resources */ = {isa = PBXBuildFile; fileRef = 478912701FA1460C0054F8B1 /* icons8-Home_50.png */; };
		4789127A1FA14A350054F8B1 /* icons8-Message_100.png in Resources */ = {isa = PBXBuildFile; fileRef = 478912751FA14A300054F8B1 /* icons8-Message_100.png */; };
		4789127B1FA14A350054F8B1 /* icons8-Search_100.png in Resources */ = {isa = PBXBuildFile; fileRef = 478912761FA14A320054F8B1 /* icons8-Search_100.png */; };
		4789127C1FA14A350054F8B1 /* icons8-Message_50.png in Resources */ = {isa = PBXBuildFile; fileRef = 478912771FA14A320054F8B1 /* icons8-Message_50.png */; };
		4789127D1FA14A350054F8B1 /* icons8-Search_50.png in Resources */ = {isa = PBXBuildFile; fileRef = 478912781FA14A330054F8B1 /* icons8-Search_50.png */; };
		4789127E1FA14A350054F8B1 /* icons8-Search_500.png in Resources */ = {isa = PBXBuildFile; fileRef = 478912791FA14A340054F8B1 /* icons8-Search_500.png */; };
		478912811FA151D40054F8B1 /* icons8-Home_25.png in Resources */ = {isa = PBXBuildFile; fileRef = 478912801FA151D30054F8B1 /* icons8-Home_25.png */; };
		478912831FA152310054F8B1 /* icons8-Message_25.png in Resources */ = {isa = PBXBuildFile; fileRef = 478912821FA152300054F8B1 /* icons8-Message_25.png */; };
		478912851FA152C60054F8B1 /* icons8-Search_25.png in Resources */ = {isa = PBXBuildFile; fileRef = 478912841FA152C50054F8B1 /* icons8-Search_25.png */; };
		47B142F01F99644300F98490 /* AppDelegate.swift in Sources */ = {isa = PBXBuildFile; fileRef = 9B3FC1EB1E59CDF3009B97F0 /* AppDelegate.swift */; };
		47B142F11F99644500F98490 /* FriendsViewController.swift in Sources */ = {isa = PBXBuildFile; fileRef = 9B3FC1ED1E59CDF3009B97F0 /* FriendsViewController.swift */; };
		47B142F21F99644900F98490 /* DataManager.swift in Sources */ = {isa = PBXBuildFile; fileRef = 9B3FC1FF1E59CF55009B97F0 /* DataManager.swift */; };
		47B142F31F99644B00F98490 /* PicturesViewController.swift in Sources */ = {isa = PBXBuildFile; fileRef = 9B4C9FCC1EDA2DA700F6EB1A /* PicturesViewController.swift */; };
		47B142F41F99644F00F98490 /* MyPageViewController.swift in Sources */ = {isa = PBXBuildFile; fileRef = 475C2DC01F984CDF00ADCEFE /* MyPageViewController.swift */; };
		47B4C8D21FD6FBB400A4AB25 /* ViewController.swift in Sources */ = {isa = PBXBuildFile; fileRef = 47B4C8D11FD6FBB400A4AB25 /* ViewController.swift */; };
		47B4C8D41FD7154600A4AB25 /* Test.storyboard in Resources */ = {isa = PBXBuildFile; fileRef = 47B4C8D31FD7154600A4AB25 /* Test.storyboard */; };
		47B642691FCF8D36000FD50D /* TextFieldDelegates.swift in Sources */ = {isa = PBXBuildFile; fileRef = 47B642681FCF8D36000FD50D /* TextFieldDelegates.swift */; };
		47B6426B1FCF98A8000FD50D /* HobbiesTableViewController.swift in Sources */ = {isa = PBXBuildFile; fileRef = 47B6426A1FCF98A8000FD50D /* HobbiesTableViewController.swift */; };
		47B869F51FC8C4D400BD7604 /* EditProfileViewController.swift in Sources */ = {isa = PBXBuildFile; fileRef = 47B869F41FC8C4D400BD7604 /* EditProfileViewController.swift */; };
		47B869F71FC8FD6D00BD7604 /* PickerDelegates.swift in Sources */ = {isa = PBXBuildFile; fileRef = 47B869F61FC8FD6D00BD7604 /* PickerDelegates.swift */; };
		47C7EBAA1FBCDB8100D66485 /* HomeViewController.swift in Sources */ = {isa = PBXBuildFile; fileRef = 47C7EBA91FBCDB8100D66485 /* HomeViewController.swift */; };
		47C7EBAE1FBCE1CC00D66485 /* Helpers.swift in Sources */ = {isa = PBXBuildFile; fileRef = 47C7EBAD1FBCE1CC00D66485 /* Helpers.swift */; };
		47C7EBB21FBCEADB00D66485 /* UserCell.swift in Sources */ = {isa = PBXBuildFile; fileRef = 47C7EBB11FBCEADB00D66485 /* UserCell.swift */; };
		47C7EBB41FBD293C00D66485 /* SearchViewController.swift in Sources */ = {isa = PBXBuildFile; fileRef = 47C7EBB31FBD293C00D66485 /* SearchViewController.swift */; };
		47D4E5531FD8D52F0024F260 /* LegacyTabBarController.swift in Sources */ = {isa = PBXBuildFile; fileRef = 47D4E5521FD8D52F0024F260 /* LegacyTabBarController.swift */; };
		47F4D6191FDA0674001D6456 /* iconCamera.png in Resources */ = {isa = PBXBuildFile; fileRef = 47F4D6181FDA0673001D6456 /* iconCamera.png */; };
		47FE29991FCDFB35001D64CB /* icons8-Contacts_25.png in Resources */ = {isa = PBXBuildFile; fileRef = 47FE29981FCDFB35001D64CB /* icons8-Contacts_25.png */; };
		9B3FC1F11E59CDF3009B97F0 /* Main.storyboard in Resources */ = {isa = PBXBuildFile; fileRef = 9B3FC1EF1E59CDF3009B97F0 /* Main.storyboard */; };
		9B3FC1F31E59CDF3009B97F0 /* Assets.xcassets in Resources */ = {isa = PBXBuildFile; fileRef = 9B3FC1F21E59CDF3009B97F0 /* Assets.xcassets */; };
		9B3FC1F61E59CDF3009B97F0 /* LaunchScreen.storyboard in Resources */ = {isa = PBXBuildFile; fileRef = 9B3FC1F41E59CDF3009B97F0 /* LaunchScreen.storyboard */; };
		9B3FC1FE1E59CF20009B97F0 /* ProgrammingNotes.rtf in Resources */ = {isa = PBXBuildFile; fileRef = 9B3FC1FD1E59CF20009B97F0 /* ProgrammingNotes.rtf */; };
/* End PBXBuildFile section */

/* Begin PBXFileReference section */
		470932741FBD403B003A059A /* ProfileViewController.swift */ = {isa = PBXFileReference; lastKnownFileType = sourcecode.swift; path = ProfileViewController.swift; sourceTree = "<group>"; };
		47299F5C1FD8C58E007B2C5B /* icons8-camera-32.png */ = {isa = PBXFileReference; lastKnownFileType = image.png; path = "icons8-camera-32.png"; sourceTree = "<group>"; };
		47299F5E1FD8C5D8007B2C5B /* icons8-camera-96.png */ = {isa = PBXFileReference; lastKnownFileType = image.png; path = "icons8-camera-96.png"; sourceTree = "<group>"; };
		4737C68E1FD9822400F2D030 /* MessagesDetailViewController.swift */ = {isa = PBXFileReference; lastKnownFileType = sourcecode.swift; path = MessagesDetailViewController.swift; sourceTree = "<group>"; };
		4750A0D81FD8A3610027BFF4 /* userPic.png */ = {isa = PBXFileReference; lastKnownFileType = image.png; path = userPic.png; sourceTree = "<group>"; };
		4750A0DA1FD8A37E0027BFF4 /* iconPhone.png */ = {isa = PBXFileReference; lastKnownFileType = image.png; path = iconPhone.png; sourceTree = "<group>"; };
		4750A0DB1FD8A37E0027BFF4 /* iconPuzzle.png */ = {isa = PBXFileReference; lastKnownFileType = image.png; path = iconPuzzle.png; sourceTree = "<group>"; };
		4750A0DC1FD8A37E0027BFF4 /* iconUser.png */ = {isa = PBXFileReference; lastKnownFileType = image.png; path = iconUser.png; sourceTree = "<group>"; };
		4750A0DD1FD8A37E0027BFF4 /* iconEmail.png */ = {isa = PBXFileReference; lastKnownFileType = image.png; path = iconEmail.png; sourceTree = "<group>"; };
		4750A0DE1FD8A37E0027BFF4 /* iconHome.png */ = {isa = PBXFileReference; lastKnownFileType = image.png; path = iconHome.png; sourceTree = "<group>"; };
		4750A0DF1FD8A37E0027BFF4 /* iconPassword.png */ = {isa = PBXFileReference; lastKnownFileType = image.png; path = iconPassword.png; sourceTree = "<group>"; };
		4750A0E61FD8ADDC0027BFF4 /* MessagesViewController.swift */ = {isa = PBXFileReference; lastKnownFileType = sourcecode.swift; path = MessagesViewController.swift; sourceTree = "<group>"; };
		4750A0E81FD8BB390027BFF4 /* LogoSplash.png */ = {isa = PBXFileReference; lastKnownFileType = image.png; path = LogoSplash.png; sourceTree = "<group>"; };
		4750A0EA1FD8BDB10027BFF4 /* Logo180x180.png */ = {isa = PBXFileReference; lastKnownFileType = image.png; path = Logo180x180.png; sourceTree = "<group>"; };
		4750A0EB1FD8BDB10027BFF4 /* Logo120x120.png */ = {isa = PBXFileReference; lastKnownFileType = image.png; path = Logo120x120.png; sourceTree = "<group>"; };
		475C2DC01F984CDF00ADCEFE /* MyPageViewController.swift */ = {isa = PBXFileReference; lastKnownFileType = sourcecode.swift; path = MyPageViewController.swift; sourceTree = "<group>"; };
		478187A61FAC173300B4F284 /* LoginSigninToggleViewController.swift */ = {isa = PBXFileReference; lastKnownFileType = sourcecode.swift; path = LoginSigninToggleViewController.swift; sourceTree = "<group>"; };
		478187AA1FAC1D1100B4F284 /* Email Address or Mobile Number.png */ = {isa = PBXFileReference; lastKnownFileType = image.png; path = "Email Address or Mobile Number.png"; sourceTree = "<group>"; };
		478187AB1FAC1D1100B4F284 /* Forgot PasswordPlease enter the email address or mobile numberassociated with your account to receive a reset link..png */ = {isa = PBXFileReference; lastKnownFileType = image.png; path = "Forgot PasswordPlease enter the email address or mobile numberassociated with your account to receive a reset link..png"; sourceTree = "<group>"; };
		478187AC1FAC1D1100B4F284 /* Go Back.png */ = {isa = PBXFileReference; lastKnownFileType = image.png; path = "Go Back.png"; sourceTree = "<group>"; };
		478187AD1FAC1D1100B4F284 /* Group 313.png */ = {isa = PBXFileReference; lastKnownFileType = image.png; path = "Group 313.png"; sourceTree = "<group>"; };
		478187AE1FAC1D1100B4F284 /* Group 314.png */ = {isa = PBXFileReference; lastKnownFileType = image.png; path = "Group 314.png"; sourceTree = "<group>"; };
		478187AF1FAC1D1100B4F284 /* Group 315.png */ = {isa = PBXFileReference; lastKnownFileType = image.png; path = "Group 315.png"; sourceTree = "<group>"; };
		478187B01FAC1D1100B4F284 /* Group 316.png */ = {isa = PBXFileReference; lastKnownFileType = image.png; path = "Group 316.png"; sourceTree = "<group>"; };
		478187B11FAC1D1100B4F284 /* Image 4.png */ = {isa = PBXFileReference; lastKnownFileType = image.png; path = "Image 4.png"; sourceTree = "<group>"; };
		478187B21FAC1D1100B4F284 /* Image 5.png */ = {isa = PBXFileReference; lastKnownFileType = image.png; path = "Image 5.png"; sourceTree = "<group>"; };
		478187B31FAC1D1100B4F284 /* Line 10.png */ = {isa = PBXFileReference; lastKnownFileType = image.png; path = "Line 10.png"; sourceTree = "<group>"; };
		478187B41FAC1D1100B4F284 /* Line 11.png */ = {isa = PBXFileReference; lastKnownFileType = image.png; path = "Line 11.png"; sourceTree = "<group>"; };
		478187B51FAC1D1100B4F284 /* Login with Facebook.png */ = {isa = PBXFileReference; lastKnownFileType = image.png; path = "Login with Facebook.png"; sourceTree = "<group>"; };
		478187B61FAC1D1100B4F284 /* Login with Twitter.png */ = {isa = PBXFileReference; lastKnownFileType = image.png; path = "Login with Twitter.png"; sourceTree = "<group>"; };
		478187B71FAC1D1100B4F284 /* Rectangle 180.png */ = {isa = PBXFileReference; lastKnownFileType = image.png; path = "Rectangle 180.png"; sourceTree = "<group>"; };
		478187B81FAC1D1100B4F284 /* Rectangle 181.png */ = {isa = PBXFileReference; lastKnownFileType = image.png; path = "Rectangle 181.png"; sourceTree = "<group>"; };
		478187B91FAC1D1100B4F284 /* Rectangle 182.png */ = {isa = PBXFileReference; lastKnownFileType = image.png; path = "Rectangle 182.png"; sourceTree = "<group>"; };
		478187BA1FAC1D1100B4F284 /* Rectangle 186.png */ = {isa = PBXFileReference; lastKnownFileType = image.png; path = "Rectangle 186.png"; sourceTree = "<group>"; };
		478187BB1FAC1D1100B4F284 /* Rectangle 187.png */ = {isa = PBXFileReference; lastKnownFileType = image.png; path = "Rectangle 187.png"; sourceTree = "<group>"; };
		478187BC1FAC1D1100B4F284 /* Rectangle 188.png */ = {isa = PBXFileReference; lastKnownFileType = image.png; path = "Rectangle 188.png"; sourceTree = "<group>"; };
		478187BD1FAC1D1100B4F284 /* SEND RESET LINK.png */ = {isa = PBXFileReference; lastKnownFileType = image.png; path = "SEND RESET LINK.png"; sourceTree = "<group>"; };
		478187BE1FAC1D1100B4F284 /* SIGN IN.png */ = {isa = PBXFileReference; lastKnownFileType = image.png; path = "SIGN IN.png"; sourceTree = "<group>"; };
		478187BF1FAC1D1100B4F284 /* SIGN UP.png */ = {isa = PBXFileReference; lastKnownFileType = image.png; path = "SIGN UP.png"; sourceTree = "<group>"; };
		478187C01FAC1D1100B4F284 /* Logo.PNG */ = {isa = PBXFileReference; lastKnownFileType = image.png; path = Logo.PNG; sourceTree = "<group>"; };
		478187C21FAC1D1100B4F284 /* Avatar.png */ = {isa = PBXFileReference; lastKnownFileType = image.png; path = Avatar.png; sourceTree = "<group>"; };
		478187C31FAC1D1100B4F284 /* Drawer bg.png */ = {isa = PBXFileReference; lastKnownFileType = image.png; path = "Drawer bg.png"; sourceTree = "<group>"; };
		478187C41FAC1D1100B4F284 /* Elle Boogie.png */ = {isa = PBXFileReference; lastKnownFileType = image.png; path = "Elle Boogie.png"; sourceTree = "<group>"; };
		478187C51FAC1D1100B4F284 /* Ellipse 40.png */ = {isa = PBXFileReference; lastKnownFileType = image.png; path = "Ellipse 40.png"; sourceTree = "<group>"; };
		478187C61FAC1D1100B4F284 /* Group 323.png */ = {isa = PBXFileReference; lastKnownFileType = image.png; path = "Group 323.png"; sourceTree = "<group>"; };
		478187C71FAC1D1100B4F284 /* Mask Group 7.png */ = {isa = PBXFileReference; lastKnownFileType = image.png; path = "Mask Group 7.png"; sourceTree = "<group>"; };
		478187C81FAC1D1100B4F284 /* Rectangle 193.png */ = {isa = PBXFileReference; lastKnownFileType = image.png; path = "Rectangle 193.png"; sourceTree = "<group>"; };
		478187C91FAC1D1100B4F284 /* Row-1.png */ = {isa = PBXFileReference; lastKnownFileType = image.png; path = "Row-1.png"; sourceTree = "<group>"; };
		478187CA1FAC1D1100B4F284 /* Row-2.png */ = {isa = PBXFileReference; lastKnownFileType = image.png; path = "Row-2.png"; sourceTree = "<group>"; };
		478187CB1FAC1D1100B4F284 /* Row-3.png */ = {isa = PBXFileReference; lastKnownFileType = image.png; path = "Row-3.png"; sourceTree = "<group>"; };
		478187CC1FAC1D1100B4F284 /* Row-4.png */ = {isa = PBXFileReference; lastKnownFileType = image.png; path = "Row-4.png"; sourceTree = "<group>"; };
		478187CD1FAC1D1100B4F284 /* Row-5.png */ = {isa = PBXFileReference; lastKnownFileType = image.png; path = "Row-5.png"; sourceTree = "<group>"; };
		478187CE1FAC1D1100B4F284 /* Row.png */ = {isa = PBXFileReference; lastKnownFileType = image.png; path = Row.png; sourceTree = "<group>"; };
		478187D11FAC1D1100B4F284 /* A confirmation email has been sent toemailaddress@domain.comPlease click on the Verify Email Address linkin the email to begin writing your Legacy..png */ = {isa = PBXFileReference; lastKnownFileType = image.png; path = "A confirmation email has been sent toemailaddress@domain.comPlease click on the Verify Email Address linkin the email to begin writing your Legacy..png"; sourceTree = "<group>"; };
		478187D21FAC1D1100B4F284 /* Group 320.png */ = {isa = PBXFileReference; lastKnownFileType = image.png; path = "Group 320.png"; sourceTree = "<group>"; };
		478187D31FAC1D1100B4F284 /* Group 321.png */ = {isa = PBXFileReference; lastKnownFileType = image.png; path = "Group 321.png"; sourceTree = "<group>"; };
		478187D41FAC1D1100B4F284 /* Incorrect Email Address.png */ = {isa = PBXFileReference; lastKnownFileType = image.png; path = "Incorrect Email Address.png"; sourceTree = "<group>"; };
		478187D51FAC1D1100B4F284 /* Mask Group 2.png */ = {isa = PBXFileReference; lastKnownFileType = image.png; path = "Mask Group 2.png"; sourceTree = "<group>"; };
		478187D61FAC1D1100B4F284 /* Rectangle 189.png */ = {isa = PBXFileReference; lastKnownFileType = image.png; path = "Rectangle 189.png"; sourceTree = "<group>"; };
		478187D71FAC1D1100B4F284 /* Rectangle 190.png */ = {isa = PBXFileReference; lastKnownFileType = image.png; path = "Rectangle 190.png"; sourceTree = "<group>"; };
		478187D81FAC1D1100B4F284 /* Rectangle 191.png */ = {isa = PBXFileReference; lastKnownFileType = image.png; path = "Rectangle 191.png"; sourceTree = "<group>"; };
		478187D91FAC1D1100B4F284 /* SIGN IN.png */ = {isa = PBXFileReference; lastKnownFileType = image.png; path = "SIGN IN.png"; sourceTree = "<group>"; };
		478187DA1FAC1D1100B4F284 /* SIGN UP.png */ = {isa = PBXFileReference; lastKnownFileType = image.png; path = "SIGN UP.png"; sourceTree = "<group>"; };
		478187DB1FAC1D1100B4F284 /* Symbol 1 - 5.png */ = {isa = PBXFileReference; lastKnownFileType = image.png; path = "Symbol 1 - 5.png"; sourceTree = "<group>"; };
		478187DC1FAC1D1100B4F284 /* Terms & Conditions and Privacy Policy.png */ = {isa = PBXFileReference; lastKnownFileType = image.png; path = "Terms & Conditions and Privacy Policy.png"; sourceTree = "<group>"; };
		478187DD1FAC1D1100B4F284 /* Welcome, Elle!.png */ = {isa = PBXFileReference; lastKnownFileType = image.png; path = "Welcome, Elle!.png"; sourceTree = "<group>"; };
		478187DF1FAC1D1100B4F284 /* CONTINUE.png */ = {isa = PBXFileReference; lastKnownFileType = image.png; path = CONTINUE.png; sourceTree = "<group>"; };
		478187E01FAC1D1100B4F284 /* Email Address.png */ = {isa = PBXFileReference; lastKnownFileType = image.png; path = "Email Address.png"; sourceTree = "<group>"; };
		478187E11FAC1D1100B4F284 /* Forgot Password.png */ = {isa = PBXFileReference; lastKnownFileType = image.png; path = "Forgot Password.png"; sourceTree = "<group>"; };
		478187E21FAC1D1100B4F284 /* Group 291.png */ = {isa = PBXFileReference; lastKnownFileType = image.png; path = "Group 291.png"; sourceTree = "<group>"; };
		478187E31FAC1D1100B4F284 /* BetterBackground.png */ = {isa = PBXFileReference; lastKnownFileType = image.png; path = BetterBackground.png; sourceTree = "<group>"; };
		478187E41FAC1D1100B4F284 /* QuillLogo.png */ = {isa = PBXFileReference; lastKnownFileType = image.png; path = QuillLogo.png; sourceTree = "<group>"; };
		478187E51FAC1D1100B4F284 /* Image 2.png */ = {isa = PBXFileReference; lastKnownFileType = image.png; path = "Image 2.png"; sourceTree = "<group>"; };
		478187E61FAC1D1100B4F284 /* Image 3.png */ = {isa = PBXFileReference; lastKnownFileType = image.png; path = "Image 3.png"; sourceTree = "<group>"; };
		478187E71FAC1D1100B4F284 /* Line 1.png */ = {isa = PBXFileReference; lastKnownFileType = image.png; path = "Line 1.png"; sourceTree = "<group>"; };
		478187E81FAC1D1100B4F284 /* Line 2.png */ = {isa = PBXFileReference; lastKnownFileType = image.png; path = "Line 2.png"; sourceTree = "<group>"; };
		478187E91FAC1D1100B4F284 /* Login with Facebook.png */ = {isa = PBXFileReference; lastKnownFileType = image.png; path = "Login with Facebook.png"; sourceTree = "<group>"; };
		478187EA1FAC1D1100B4F284 /* Login with Twitter.png */ = {isa = PBXFileReference; lastKnownFileType = image.png; path = "Login with Twitter.png"; sourceTree = "<group>"; };
		478187EB1FAC1D1100B4F284 /* navbar.png */ = {isa = PBXFileReference; lastKnownFileType = image.png; path = navbar.png; sourceTree = "<group>"; };
		478187EC1FAC1D1100B4F284 /* Password.png */ = {isa = PBXFileReference; lastKnownFileType = image.png; path = Password.png; sourceTree = "<group>"; };
		478187ED1FAC1D1100B4F284 /* Rectangle 161.png */ = {isa = PBXFileReference; lastKnownFileType = image.png; path = "Rectangle 161.png"; sourceTree = "<group>"; };
		478187EE1FAC1D1100B4F284 /* Rectangle 162.png */ = {isa = PBXFileReference; lastKnownFileType = image.png; path = "Rectangle 162.png"; sourceTree = "<group>"; };
		478187EF1FAC1D1100B4F284 /* Rectangle 163.png */ = {isa = PBXFileReference; lastKnownFileType = image.png; path = "Rectangle 163.png"; sourceTree = "<group>"; };
		478187F01FAC1D1100B4F284 /* Rectangle 167.png */ = {isa = PBXFileReference; lastKnownFileType = image.png; path = "Rectangle 167.png"; sourceTree = "<group>"; };
		478187F11FAC1D1100B4F284 /* Rectangle 178.png */ = {isa = PBXFileReference; lastKnownFileType = image.png; path = "Rectangle 178.png"; sourceTree = "<group>"; };
		478187F21FAC1D1100B4F284 /* Rectangle 179.png */ = {isa = PBXFileReference; lastKnownFileType = image.png; path = "Rectangle 179.png"; sourceTree = "<group>"; };
		478187F31FAC1D1100B4F284 /* SIGN IN.png */ = {isa = PBXFileReference; lastKnownFileType = image.png; path = "SIGN IN.png"; sourceTree = "<group>"; };
		478187F41FAC1D1100B4F284 /* SIGN UP.png */ = {isa = PBXFileReference; lastKnownFileType = image.png; path = "SIGN UP.png"; sourceTree = "<group>"; };
		478187F51FAC1D1100B4F284 /* sysbar_dark.png */ = {isa = PBXFileReference; lastKnownFileType = image.png; path = sysbar_dark.png; sourceTree = "<group>"; };
		478187F61FAC1D1100B4F284 /* Union 2.png */ = {isa = PBXFileReference; lastKnownFileType = image.png; path = "Union 2.png"; sourceTree = "<group>"; };
		478187F81FAC1D1100B4F284 /* By creating an account, you are agreeing toour Terms & Conditions and Privacy Policy..png */ = {isa = PBXFileReference; lastKnownFileType = image.png; path = "By creating an account, you are agreeing toour Terms & Conditions and Privacy Policy..png"; sourceTree = "<group>"; };
		478187F91FAC1D1100B4F284 /* Confirm Email.png */ = {isa = PBXFileReference; lastKnownFileType = image.png; path = "Confirm Email.png"; sourceTree = "<group>"; };
		478187FA1FAC1D1100B4F284 /* Confirm Password.png */ = {isa = PBXFileReference; lastKnownFileType = image.png; path = "Confirm Password.png"; sourceTree = "<group>"; };
		478187FB1FAC1D1100B4F284 /* CREATE ACCOUNT.png */ = {isa = PBXFileReference; lastKnownFileType = image.png; path = "CREATE ACCOUNT.png"; sourceTree = "<group>"; };
		478187FC1FAC1D1100B4F284 /* Date of Birth.png */ = {isa = PBXFileReference; lastKnownFileType = image.png; path = "Date of Birth.png"; sourceTree = "<group>"; };
		478187FD1FAC1D1100B4F284 /* Email Address.png */ = {isa = PBXFileReference; lastKnownFileType = image.png; path = "Email Address.png"; sourceTree = "<group>"; };
		478187FE1FAC1D1100B4F284 /* Female.png */ = {isa = PBXFileReference; lastKnownFileType = image.png; path = Female.png; sourceTree = "<group>"; };
		478187FF1FAC1D1100B4F284 /* First Name.png */ = {isa = PBXFileReference; lastKnownFileType = image.png; path = "First Name.png"; sourceTree = "<group>"; };
		478188001FAC1D1100B4F284 /* Group 301.png */ = {isa = PBXFileReference; lastKnownFileType = image.png; path = "Group 301.png"; sourceTree = "<group>"; };
		478188011FAC1D1100B4F284 /* Group 302.png */ = {isa = PBXFileReference; lastKnownFileType = image.png; path = "Group 302.png"; sourceTree = "<group>"; };
		478188021FAC1D1100B4F284 /* Group 303.png */ = {isa = PBXFileReference; lastKnownFileType = image.png; path = "Group 303.png"; sourceTree = "<group>"; };
		478188031FAC1D1100B4F284 /* Group 304.png */ = {isa = PBXFileReference; lastKnownFileType = image.png; path = "Group 304.png"; sourceTree = "<group>"; };
		478188041FAC1D1100B4F284 /* Group 305.png */ = {isa = PBXFileReference; lastKnownFileType = image.png; path = "Group 305.png"; sourceTree = "<group>"; };
		478188051FAC1D1100B4F284 /* Group 312.png */ = {isa = PBXFileReference; lastKnownFileType = image.png; path = "Group 312.png"; sourceTree = "<group>"; };
		478188061FAC1D1100B4F284 /* Icon-1.png */ = {isa = PBXFileReference; lastKnownFileType = image.png; path = "Icon-1.png"; sourceTree = "<group>"; };
		478188071FAC1D1100B4F284 /* Icon.png */ = {isa = PBXFileReference; lastKnownFileType = image.png; path = Icon.png; sourceTree = "<group>"; };
		478188081FAC1D1100B4F284 /* Last Name.png */ = {isa = PBXFileReference; lastKnownFileType = image.png; path = "Last Name.png"; sourceTree = "<group>"; };
		478188091FAC1D1100B4F284 /* Line 3.png */ = {isa = PBXFileReference; lastKnownFileType = image.png; path = "Line 3.png"; sourceTree = "<group>"; };
		4781880A1FAC1D1100B4F284 /* Line 4.png */ = {isa = PBXFileReference; lastKnownFileType = image.png; path = "Line 4.png"; sourceTree = "<group>"; };
		4781880B1FAC1D1100B4F284 /* Line 6.png */ = {isa = PBXFileReference; lastKnownFileType = image.png; path = "Line 6.png"; sourceTree = "<group>"; };
		4781880C1FAC1D1100B4F284 /* Line 7.png */ = {isa = PBXFileReference; lastKnownFileType = image.png; path = "Line 7.png"; sourceTree = "<group>"; };
		4781880D1FAC1D1100B4F284 /* Male.png */ = {isa = PBXFileReference; lastKnownFileType = image.png; path = Male.png; sourceTree = "<group>"; };
		4781880F1FAC1D1100B4F284 /* Radiobutton Off.png */ = {isa = PBXFileReference; lastKnownFileType = image.png; path = "Radiobutton Off.png"; sourceTree = "<group>"; };
		478188101FAC1D1100B4F284 /* Radiobutton On.png */ = {isa = PBXFileReference; lastKnownFileType = image.png; path = "Radiobutton On.png"; sourceTree = "<group>"; };
		478188111FAC1D1100B4F284 /* Rectangle 168.png */ = {isa = PBXFileReference; lastKnownFileType = image.png; path = "Rectangle 168.png"; sourceTree = "<group>"; };
		478188121FAC1D1100B4F284 /* Rectangle 169.png */ = {isa = PBXFileReference; lastKnownFileType = image.png; path = "Rectangle 169.png"; sourceTree = "<group>"; };
		478188131FAC1D1100B4F284 /* Rectangle 170.png */ = {isa = PBXFileReference; lastKnownFileType = image.png; path = "Rectangle 170.png"; sourceTree = "<group>"; };
		478188141FAC1D1100B4F284 /* Rectangle 171.png */ = {isa = PBXFileReference; lastKnownFileType = image.png; path = "Rectangle 171.png"; sourceTree = "<group>"; };
		478188151FAC1D1100B4F284 /* Shape.png */ = {isa = PBXFileReference; lastKnownFileType = image.png; path = Shape.png; sourceTree = "<group>"; };
		478188161FAC1D1100B4F284 /* SIGN IN.png */ = {isa = PBXFileReference; lastKnownFileType = image.png; path = "SIGN IN.png"; sourceTree = "<group>"; };
		478188171FAC1D1100B4F284 /* SIGN UP.png */ = {isa = PBXFileReference; lastKnownFileType = image.png; path = "SIGN UP.png"; sourceTree = "<group>"; };
		478188181FAC1D1100B4F284 /* Tap to Upload a Photo.png */ = {isa = PBXFileReference; lastKnownFileType = image.png; path = "Tap to Upload a Photo.png"; sourceTree = "<group>"; };
		478188191FAC1D1100B4F284 /* Union 30.png */ = {isa = PBXFileReference; lastKnownFileType = image.png; path = "Union 30.png"; sourceTree = "<group>"; };
		4781881A1FAC1D1100B4F284 /* Union 32.png */ = {isa = PBXFileReference; lastKnownFileType = image.png; path = "Union 32.png"; sourceTree = "<group>"; };
		4781881C1FAC1D1100B4F284 /* Burger Button.png */ = {isa = PBXFileReference; lastKnownFileType = image.png; path = "Burger Button.png"; sourceTree = "<group>"; };
		4781881D1FAC1D1100B4F284 /* Group 324.png */ = {isa = PBXFileReference; lastKnownFileType = image.png; path = "Group 324.png"; sourceTree = "<group>"; };
		4781881E1FAC1D1100B4F284 /* Group 325.png */ = {isa = PBXFileReference; lastKnownFileType = image.png; path = "Group 325.png"; sourceTree = "<group>"; };
		4781881F1FAC1D1100B4F284 /* Group 326.png */ = {isa = PBXFileReference; lastKnownFileType = image.png; path = "Group 326.png"; sourceTree = "<group>"; };
		478188201FAC1D1100B4F284 /* Group 328.png */ = {isa = PBXFileReference; lastKnownFileType = image.png; path = "Group 328.png"; sourceTree = "<group>"; };
		478188211FAC1D1100B4F284 /* Group 329.png */ = {isa = PBXFileReference; lastKnownFileType = image.png; path = "Group 329.png"; sourceTree = "<group>"; };
		478188221FAC1D1100B4F284 /* Group 330.png */ = {isa = PBXFileReference; lastKnownFileType = image.png; path = "Group 330.png"; sourceTree = "<group>"; };
		478188231FAC1D1100B4F284 /* Group 331.png */ = {isa = PBXFileReference; lastKnownFileType = image.png; path = "Group 331.png"; sourceTree = "<group>"; };
		478188241FAC1D1100B4F284 /* Group 332.png */ = {isa = PBXFileReference; lastKnownFileType = image.png; path = "Group 332.png"; sourceTree = "<group>"; };
		478188251FAC1D1100B4F284 /* Group 333.png */ = {isa = PBXFileReference; lastKnownFileType = image.png; path = "Group 333.png"; sourceTree = "<group>"; };
		478188261FAC1D1100B4F284 /* Mask Group 28.png */ = {isa = PBXFileReference; lastKnownFileType = image.png; path = "Mask Group 28.png"; sourceTree = "<group>"; };
		478188271FAC1D1100B4F284 /* Mask Group 8.png */ = {isa = PBXFileReference; lastKnownFileType = image.png; path = "Mask Group 8.png"; sourceTree = "<group>"; };
		478188281FAC1D1100B4F284 /* Name.png */ = {isa = PBXFileReference; lastKnownFileType = image.png; path = Name.png; sourceTree = "<group>"; };
		478188291FAC1D1100B4F284 /* Rectangle 194.png */ = {isa = PBXFileReference; lastKnownFileType = image.png; path = "Rectangle 194.png"; sourceTree = "<group>"; };
		4781882B1FAC1D1100B4F284 /* Suggested Legacy Profiles....png */ = {isa = PBXFileReference; lastKnownFileType = image.png; path = "Suggested Legacy Profiles....png"; sourceTree = "<group>"; };
		4781882D1FAC1D1100B4F284 /* You are a Legacy Admin for....png */ = {isa = PBXFileReference; lastKnownFileType = image.png; path = "You are a Legacy Admin for....png"; sourceTree = "<group>"; };
		478912521FA135450054F8B1 /* background.png */ = {isa = PBXFileReference; lastKnownFileType = image.png; path = background.png; sourceTree = "<group>"; };
		478912531FA135450054F8B1 /* header.png */ = {isa = PBXFileReference; lastKnownFileType = image.png; path = header.png; sourceTree = "<group>"; };
		478912541FA135450054F8B1 /* login.png */ = {isa = PBXFileReference; lastKnownFileType = image.png; path = login.png; sourceTree = "<group>"; };
		478912551FA135450054F8B1 /* minitext.png */ = {isa = PBXFileReference; lastKnownFileType = image.png; path = minitext.png; sourceTree = "<group>"; };
		478912561FA135450054F8B1 /* signup.png */ = {isa = PBXFileReference; lastKnownFileType = image.png; path = signup.png; sourceTree = "<group>"; };
		4789125D1FA13C510054F8B1 /* icons8-Contacts_100.png */ = {isa = PBXFileReference; lastKnownFileType = image.png; path = "icons8-Contacts_100.png"; sourceTree = "<group>"; };
		4789125E1FA13C510054F8B1 /* icons8-Contacts_50.png */ = {isa = PBXFileReference; lastKnownFileType = image.png; path = "icons8-Contacts_50.png"; sourceTree = "<group>"; };
		478912601FA13C510054F8B1 /* icons8-Menu_100.png */ = {isa = PBXFileReference; lastKnownFileType = image.png; path = "icons8-Menu_100.png"; sourceTree = "<group>"; };
		478912611FA13C510054F8B1 /* icons8-Menu_50.png */ = {isa = PBXFileReference; lastKnownFileType = image.png; path = "icons8-Menu_50.png"; sourceTree = "<group>"; };
		478912621FA13C510054F8B1 /* icons8-Menu_500.png */ = {isa = PBXFileReference; lastKnownFileType = image.png; path = "icons8-Menu_500.png"; sourceTree = "<group>"; };
		478912631FA13C510054F8B1 /* icons8-Settings_100.png */ = {isa = PBXFileReference; lastKnownFileType = image.png; path = "icons8-Settings_100.png"; sourceTree = "<group>"; };
		478912641FA13C510054F8B1 /* icons8-Settings_50.png */ = {isa = PBXFileReference; lastKnownFileType = image.png; path = "icons8-Settings_50.png"; sourceTree = "<group>"; };
		478912651FA13C510054F8B1 /* icons8-Settings_500.png */ = {isa = PBXFileReference; lastKnownFileType = image.png; path = "icons8-Settings_500.png"; sourceTree = "<group>"; };
		4789126F1FA1460B0054F8B1 /* icons8-Home_100.png */ = {isa = PBXFileReference; lastKnownFileType = image.png; path = "icons8-Home_100.png"; sourceTree = "<group>"; };
		478912701FA1460C0054F8B1 /* icons8-Home_50.png */ = {isa = PBXFileReference; lastKnownFileType = image.png; path = "icons8-Home_50.png"; sourceTree = "<group>"; };
		478912751FA14A300054F8B1 /* icons8-Message_100.png */ = {isa = PBXFileReference; lastKnownFileType = image.png; path = "icons8-Message_100.png"; sourceTree = "<group>"; };
		478912761FA14A320054F8B1 /* icons8-Search_100.png */ = {isa = PBXFileReference; lastKnownFileType = image.png; path = "icons8-Search_100.png"; sourceTree = "<group>"; };
		478912771FA14A320054F8B1 /* icons8-Message_50.png */ = {isa = PBXFileReference; lastKnownFileType = image.png; path = "icons8-Message_50.png"; sourceTree = "<group>"; };
		478912781FA14A330054F8B1 /* icons8-Search_50.png */ = {isa = PBXFileReference; lastKnownFileType = image.png; path = "icons8-Search_50.png"; sourceTree = "<group>"; };
		478912791FA14A340054F8B1 /* icons8-Search_500.png */ = {isa = PBXFileReference; lastKnownFileType = image.png; path = "icons8-Search_500.png"; sourceTree = "<group>"; };
		478912801FA151D30054F8B1 /* icons8-Home_25.png */ = {isa = PBXFileReference; lastKnownFileType = image.png; path = "icons8-Home_25.png"; sourceTree = "<group>"; };
		478912821FA152300054F8B1 /* icons8-Message_25.png */ = {isa = PBXFileReference; lastKnownFileType = image.png; path = "icons8-Message_25.png"; sourceTree = "<group>"; };
		478912841FA152C50054F8B1 /* icons8-Search_25.png */ = {isa = PBXFileReference; lastKnownFileType = image.png; path = "icons8-Search_25.png"; sourceTree = "<group>"; };
		47B4C8D11FD6FBB400A4AB25 /* ViewController.swift */ = {isa = PBXFileReference; lastKnownFileType = sourcecode.swift; path = ViewController.swift; sourceTree = "<group>"; };
		47B4C8D31FD7154600A4AB25 /* Test.storyboard */ = {isa = PBXFileReference; lastKnownFileType = file.storyboard; path = Test.storyboard; sourceTree = "<group>"; };
		47B642681FCF8D36000FD50D /* TextFieldDelegates.swift */ = {isa = PBXFileReference; lastKnownFileType = sourcecode.swift; path = TextFieldDelegates.swift; sourceTree = "<group>"; };
		47B6426A1FCF98A8000FD50D /* HobbiesTableViewController.swift */ = {isa = PBXFileReference; lastKnownFileType = sourcecode.swift; path = HobbiesTableViewController.swift; sourceTree = "<group>"; };
		47B869F41FC8C4D400BD7604 /* EditProfileViewController.swift */ = {isa = PBXFileReference; lastKnownFileType = sourcecode.swift; path = EditProfileViewController.swift; sourceTree = "<group>"; };
		47B869F61FC8FD6D00BD7604 /* PickerDelegates.swift */ = {isa = PBXFileReference; lastKnownFileType = sourcecode.swift; path = PickerDelegates.swift; sourceTree = "<group>"; };
		47C7EBA91FBCDB8100D66485 /* HomeViewController.swift */ = {isa = PBXFileReference; lastKnownFileType = sourcecode.swift; path = HomeViewController.swift; sourceTree = "<group>"; };
		47C7EBAD1FBCE1CC00D66485 /* Helpers.swift */ = {isa = PBXFileReference; lastKnownFileType = sourcecode.swift; path = Helpers.swift; sourceTree = "<group>"; };
		47C7EBB11FBCEADB00D66485 /* UserCell.swift */ = {isa = PBXFileReference; lastKnownFileType = sourcecode.swift; path = UserCell.swift; sourceTree = "<group>"; };
		47C7EBB31FBD293C00D66485 /* SearchViewController.swift */ = {isa = PBXFileReference; lastKnownFileType = sourcecode.swift; path = SearchViewController.swift; sourceTree = "<group>"; };
		47D4E5521FD8D52F0024F260 /* LegacyTabBarController.swift */ = {isa = PBXFileReference; fileEncoding = 4; lastKnownFileType = sourcecode.swift; path = LegacyTabBarController.swift; sourceTree = "<group>"; };
		47F4D6181FDA0673001D6456 /* iconCamera.png */ = {isa = PBXFileReference; lastKnownFileType = image.png; path = iconCamera.png; sourceTree = "<group>"; };
		47FE29981FCDFB35001D64CB /* icons8-Contacts_25.png */ = {isa = PBXFileReference; lastKnownFileType = image.png; path = "icons8-Contacts_25.png"; sourceTree = "<group>"; };
		9B3FC1E81E59CDF3009B97F0 /* LegacyiOS.app */ = {isa = PBXFileReference; explicitFileType = wrapper.application; includeInIndex = 0; path = LegacyiOS.app; sourceTree = BUILT_PRODUCTS_DIR; };
		9B3FC1EB1E59CDF3009B97F0 /* AppDelegate.swift */ = {isa = PBXFileReference; lastKnownFileType = sourcecode.swift; path = AppDelegate.swift; sourceTree = "<group>"; };
		9B3FC1ED1E59CDF3009B97F0 /* FriendsViewController.swift */ = {isa = PBXFileReference; lastKnownFileType = sourcecode.swift; path = FriendsViewController.swift; sourceTree = "<group>"; };
		9B3FC1F01E59CDF3009B97F0 /* Base */ = {isa = PBXFileReference; lastKnownFileType = file.storyboard; name = Base; path = Base.lproj/Main.storyboard; sourceTree = "<group>"; };
		9B3FC1F21E59CDF3009B97F0 /* Assets.xcassets */ = {isa = PBXFileReference; lastKnownFileType = folder.assetcatalog; path = Assets.xcassets; sourceTree = "<group>"; };
		9B3FC1F51E59CDF3009B97F0 /* Base */ = {isa = PBXFileReference; lastKnownFileType = file.storyboard; name = Base; path = Base.lproj/LaunchScreen.storyboard; sourceTree = "<group>"; };
		9B3FC1F71E59CDF3009B97F0 /* Info.plist */ = {isa = PBXFileReference; lastKnownFileType = text.plist.xml; path = Info.plist; sourceTree = "<group>"; };
		9B3FC1FD1E59CF20009B97F0 /* ProgrammingNotes.rtf */ = {isa = PBXFileReference; fileEncoding = 4; lastKnownFileType = text.rtf; path = ProgrammingNotes.rtf; sourceTree = "<group>"; };
		9B3FC1FF1E59CF55009B97F0 /* DataManager.swift */ = {isa = PBXFileReference; fileEncoding = 4; lastKnownFileType = sourcecode.swift; path = DataManager.swift; sourceTree = "<group>"; };
		9B4C9FCC1EDA2DA700F6EB1A /* PicturesViewController.swift */ = {isa = PBXFileReference; fileEncoding = 4; lastKnownFileType = sourcecode.swift; path = PicturesViewController.swift; sourceTree = "<group>"; };
/* End PBXFileReference section */

/* Begin PBXFrameworksBuildPhase section */
		9B3FC1E51E59CDF3009B97F0 /* Frameworks */ = {
			isa = PBXFrameworksBuildPhase;
			buildActionMask = 2147483647;
			files = (
			);
			runOnlyForDeploymentPostprocessing = 0;
		};
/* End PBXFrameworksBuildPhase section */

/* Begin PBXGroup section */
		478187A81FAC1D1100B4F284 /* Legacy Assets */ = {
			isa = PBXGroup;
			children = (
				478187C01FAC1D1100B4F284 /* Logo.PNG */,
				4750A0EB1FD8BDB10027BFF4 /* Logo120x120.png */,
				4750A0EA1FD8BDB10027BFF4 /* Logo180x180.png */,
				4750A0E81FD8BB390027BFF4 /* LogoSplash.png */,
				478187A91FAC1D1100B4F284 /* Forgot Password */,
				478187C11FAC1D1100B4F284 /* Navigation Drawer */,
				478187D01FAC1D1100B4F284 /* New Account Confirmation */,
				478187DE1FAC1D1100B4F284 /* Sign In */,
				478187F71FAC1D1100B4F284 /* Sign Up */,
				4781881B1FAC1D1100B4F284 /* User Dashboard */,
			);
			path = "Legacy Assets";
			sourceTree = "<group>";
		};
		478187A91FAC1D1100B4F284 /* Forgot Password */ = {
			isa = PBXGroup;
			children = (
				478187AA1FAC1D1100B4F284 /* Email Address or Mobile Number.png */,
				478187AB1FAC1D1100B4F284 /* Forgot PasswordPlease enter the email address or mobile numberassociated with your account to receive a reset link..png */,
				478187AC1FAC1D1100B4F284 /* Go Back.png */,
				478187AD1FAC1D1100B4F284 /* Group 313.png */,
				478187AE1FAC1D1100B4F284 /* Group 314.png */,
				478187AF1FAC1D1100B4F284 /* Group 315.png */,
				478187B01FAC1D1100B4F284 /* Group 316.png */,
				478187B11FAC1D1100B4F284 /* Image 4.png */,
				478187B21FAC1D1100B4F284 /* Image 5.png */,
				478187B31FAC1D1100B4F284 /* Line 10.png */,
				478187B41FAC1D1100B4F284 /* Line 11.png */,
				478187B51FAC1D1100B4F284 /* Login with Facebook.png */,
				478187B61FAC1D1100B4F284 /* Login with Twitter.png */,
				478187B71FAC1D1100B4F284 /* Rectangle 180.png */,
				478187B81FAC1D1100B4F284 /* Rectangle 181.png */,
				478187B91FAC1D1100B4F284 /* Rectangle 182.png */,
				478187BA1FAC1D1100B4F284 /* Rectangle 186.png */,
				478187BB1FAC1D1100B4F284 /* Rectangle 187.png */,
				478187BC1FAC1D1100B4F284 /* Rectangle 188.png */,
				478187BD1FAC1D1100B4F284 /* SEND RESET LINK.png */,
				478187BE1FAC1D1100B4F284 /* SIGN IN.png */,
				478187BF1FAC1D1100B4F284 /* SIGN UP.png */,
			);
			path = "Forgot Password";
			sourceTree = "<group>";
		};
		478187C11FAC1D1100B4F284 /* Navigation Drawer */ = {
			isa = PBXGroup;
			children = (
				478187C21FAC1D1100B4F284 /* Avatar.png */,
				478187C31FAC1D1100B4F284 /* Drawer bg.png */,
				478187C41FAC1D1100B4F284 /* Elle Boogie.png */,
				478187C51FAC1D1100B4F284 /* Ellipse 40.png */,
				478187C61FAC1D1100B4F284 /* Group 323.png */,
				478187C71FAC1D1100B4F284 /* Mask Group 7.png */,
				478187C81FAC1D1100B4F284 /* Rectangle 193.png */,
				478187C91FAC1D1100B4F284 /* Row-1.png */,
				478187CA1FAC1D1100B4F284 /* Row-2.png */,
				478187CB1FAC1D1100B4F284 /* Row-3.png */,
				478187CC1FAC1D1100B4F284 /* Row-4.png */,
				478187CD1FAC1D1100B4F284 /* Row-5.png */,
				478187CE1FAC1D1100B4F284 /* Row.png */,
			);
			path = "Navigation Drawer";
			sourceTree = "<group>";
		};
		478187D01FAC1D1100B4F284 /* New Account Confirmation */ = {
			isa = PBXGroup;
			children = (
				478187D11FAC1D1100B4F284 /* A confirmation email has been sent toemailaddress@domain.comPlease click on the Verify Email Address linkin the email to begin writing your Legacy..png */,
				478187D21FAC1D1100B4F284 /* Group 320.png */,
				478187D31FAC1D1100B4F284 /* Group 321.png */,
				478187D41FAC1D1100B4F284 /* Incorrect Email Address.png */,
				478187D51FAC1D1100B4F284 /* Mask Group 2.png */,
				478187D61FAC1D1100B4F284 /* Rectangle 189.png */,
				478187D71FAC1D1100B4F284 /* Rectangle 190.png */,
				478187D81FAC1D1100B4F284 /* Rectangle 191.png */,
				478187D91FAC1D1100B4F284 /* SIGN IN.png */,
				478187DA1FAC1D1100B4F284 /* SIGN UP.png */,
				478187DB1FAC1D1100B4F284 /* Symbol 1 - 5.png */,
				478187DC1FAC1D1100B4F284 /* Terms & Conditions and Privacy Policy.png */,
				478187DD1FAC1D1100B4F284 /* Welcome, Elle!.png */,
			);
			path = "New Account Confirmation";
			sourceTree = "<group>";
		};
		478187DE1FAC1D1100B4F284 /* Sign In */ = {
			isa = PBXGroup;
			children = (
				478187DF1FAC1D1100B4F284 /* CONTINUE.png */,
				478187E01FAC1D1100B4F284 /* Email Address.png */,
				478187E11FAC1D1100B4F284 /* Forgot Password.png */,
				478187E21FAC1D1100B4F284 /* Group 291.png */,
				478187E31FAC1D1100B4F284 /* BetterBackground.png */,
				478187E41FAC1D1100B4F284 /* QuillLogo.png */,
				478187E51FAC1D1100B4F284 /* Image 2.png */,
				478187E61FAC1D1100B4F284 /* Image 3.png */,
				478187E71FAC1D1100B4F284 /* Line 1.png */,
				478187E81FAC1D1100B4F284 /* Line 2.png */,
				478187E91FAC1D1100B4F284 /* Login with Facebook.png */,
				478187EA1FAC1D1100B4F284 /* Login with Twitter.png */,
				478187EB1FAC1D1100B4F284 /* navbar.png */,
				478187EC1FAC1D1100B4F284 /* Password.png */,
				478187ED1FAC1D1100B4F284 /* Rectangle 161.png */,
				478187EE1FAC1D1100B4F284 /* Rectangle 162.png */,
				478187EF1FAC1D1100B4F284 /* Rectangle 163.png */,
				478187F01FAC1D1100B4F284 /* Rectangle 167.png */,
				478187F11FAC1D1100B4F284 /* Rectangle 178.png */,
				478187F21FAC1D1100B4F284 /* Rectangle 179.png */,
				478187F31FAC1D1100B4F284 /* SIGN IN.png */,
				478187F41FAC1D1100B4F284 /* SIGN UP.png */,
				478187F51FAC1D1100B4F284 /* sysbar_dark.png */,
				478187F61FAC1D1100B4F284 /* Union 2.png */,
			);
			path = "Sign In";
			sourceTree = "<group>";
		};
		478187F71FAC1D1100B4F284 /* Sign Up */ = {
			isa = PBXGroup;
			children = (
				478187F81FAC1D1100B4F284 /* By creating an account, you are agreeing toour Terms & Conditions and Privacy Policy..png */,
				478187F91FAC1D1100B4F284 /* Confirm Email.png */,
				478187FA1FAC1D1100B4F284 /* Confirm Password.png */,
				478187FB1FAC1D1100B4F284 /* CREATE ACCOUNT.png */,
				478187FC1FAC1D1100B4F284 /* Date of Birth.png */,
				478187FD1FAC1D1100B4F284 /* Email Address.png */,
				478187FE1FAC1D1100B4F284 /* Female.png */,
				478187FF1FAC1D1100B4F284 /* First Name.png */,
				478188001FAC1D1100B4F284 /* Group 301.png */,
				478188011FAC1D1100B4F284 /* Group 302.png */,
				478188021FAC1D1100B4F284 /* Group 303.png */,
				478188031FAC1D1100B4F284 /* Group 304.png */,
				478188041FAC1D1100B4F284 /* Group 305.png */,
				478188051FAC1D1100B4F284 /* Group 312.png */,
				478188061FAC1D1100B4F284 /* Icon-1.png */,
				478188071FAC1D1100B4F284 /* Icon.png */,
				478188081FAC1D1100B4F284 /* Last Name.png */,
				478188091FAC1D1100B4F284 /* Line 3.png */,
				4781880A1FAC1D1100B4F284 /* Line 4.png */,
				4781880B1FAC1D1100B4F284 /* Line 6.png */,
				4781880C1FAC1D1100B4F284 /* Line 7.png */,
				4781880D1FAC1D1100B4F284 /* Male.png */,
				4781880F1FAC1D1100B4F284 /* Radiobutton Off.png */,
				478188101FAC1D1100B4F284 /* Radiobutton On.png */,
				478188111FAC1D1100B4F284 /* Rectangle 168.png */,
				478188121FAC1D1100B4F284 /* Rectangle 169.png */,
				478188131FAC1D1100B4F284 /* Rectangle 170.png */,
				478188141FAC1D1100B4F284 /* Rectangle 171.png */,
				478188151FAC1D1100B4F284 /* Shape.png */,
				478188161FAC1D1100B4F284 /* SIGN IN.png */,
				478188171FAC1D1100B4F284 /* SIGN UP.png */,
				478188181FAC1D1100B4F284 /* Tap to Upload a Photo.png */,
				478188191FAC1D1100B4F284 /* Union 30.png */,
				4781881A1FAC1D1100B4F284 /* Union 32.png */,
			);
			path = "Sign Up";
			sourceTree = "<group>";
		};
		4781881B1FAC1D1100B4F284 /* User Dashboard */ = {
			isa = PBXGroup;
			children = (
				4781881C1FAC1D1100B4F284 /* Burger Button.png */,
				4781881D1FAC1D1100B4F284 /* Group 324.png */,
				4781881E1FAC1D1100B4F284 /* Group 325.png */,
				4781881F1FAC1D1100B4F284 /* Group 326.png */,
				478188201FAC1D1100B4F284 /* Group 328.png */,
				478188211FAC1D1100B4F284 /* Group 329.png */,
				478188221FAC1D1100B4F284 /* Group 330.png */,
				478188231FAC1D1100B4F284 /* Group 331.png */,
				478188241FAC1D1100B4F284 /* Group 332.png */,
				478188251FAC1D1100B4F284 /* Group 333.png */,
				478188261FAC1D1100B4F284 /* Mask Group 28.png */,
				478188271FAC1D1100B4F284 /* Mask Group 8.png */,
				478188281FAC1D1100B4F284 /* Name.png */,
				478188291FAC1D1100B4F284 /* Rectangle 194.png */,
				4781882B1FAC1D1100B4F284 /* Suggested Legacy Profiles....png */,
				4781882D1FAC1D1100B4F284 /* You are a Legacy Admin for....png */,
			);
			path = "User Dashboard";
			sourceTree = "<group>";
		};
		478912511FA135450054F8B1 /* Images */ = {
			isa = PBXGroup;
			children = (
				4750A0D81FD8A3610027BFF4 /* userPic.png */,
				478912521FA135450054F8B1 /* background.png */,
				478912531FA135450054F8B1 /* header.png */,
				478187A81FAC1D1100B4F284 /* Legacy Assets */,
				478912541FA135450054F8B1 /* login.png */,
				478912551FA135450054F8B1 /* minitext.png */,
				478912561FA135450054F8B1 /* signup.png */,
			);
			path = Images;
			sourceTree = "<group>";
		};
		4789125C1FA13C510054F8B1 /* icons */ = {
			isa = PBXGroup;
			children = (
				47F4D6181FDA0673001D6456 /* iconCamera.png */,
				47299F5E1FD8C5D8007B2C5B /* icons8-camera-96.png */,
				47299F5C1FD8C58E007B2C5B /* icons8-camera-32.png */,
				4750A0DD1FD8A37E0027BFF4 /* iconEmail.png */,
				4750A0DE1FD8A37E0027BFF4 /* iconHome.png */,
				4750A0DF1FD8A37E0027BFF4 /* iconPassword.png */,
				4750A0DA1FD8A37E0027BFF4 /* iconPhone.png */,
				4750A0DB1FD8A37E0027BFF4 /* iconPuzzle.png */,
				4750A0DC1FD8A37E0027BFF4 /* iconUser.png */,
				47FE29981FCDFB35001D64CB /* icons8-Contacts_25.png */,
				478912821FA152300054F8B1 /* icons8-Message_25.png */,
				478912771FA14A320054F8B1 /* icons8-Message_50.png */,
				478912751FA14A300054F8B1 /* icons8-Message_100.png */,
				478912841FA152C50054F8B1 /* icons8-Search_25.png */,
				478912781FA14A330054F8B1 /* icons8-Search_50.png */,
				478912761FA14A320054F8B1 /* icons8-Search_100.png */,
				478912791FA14A340054F8B1 /* icons8-Search_500.png */,
				478912801FA151D30054F8B1 /* icons8-Home_25.png */,
				478912701FA1460C0054F8B1 /* icons8-Home_50.png */,
				4789126F1FA1460B0054F8B1 /* icons8-Home_100.png */,
				4789125D1FA13C510054F8B1 /* icons8-Contacts_100.png */,
				4789125E1FA13C510054F8B1 /* icons8-Contacts_50.png */,
				478912601FA13C510054F8B1 /* icons8-Menu_100.png */,
				478912611FA13C510054F8B1 /* icons8-Menu_50.png */,
				478912621FA13C510054F8B1 /* icons8-Menu_500.png */,
				478912631FA13C510054F8B1 /* icons8-Settings_100.png */,
				478912641FA13C510054F8B1 /* icons8-Settings_50.png */,
				478912651FA13C510054F8B1 /* icons8-Settings_500.png */,
			);
			name = icons;
			path = Images/icons;
			sourceTree = "<group>";
		};
		9B3FC1DF1E59CDF3009B97F0 = {
			isa = PBXGroup;
			children = (
				4789125C1FA13C510054F8B1 /* icons */,
				478912511FA135450054F8B1 /* Images */,
				9B3FC1FD1E59CF20009B97F0 /* ProgrammingNotes.rtf */,
				9B3FC1EA1E59CDF3009B97F0 /* LegacyiOS */,
				9B3FC1E91E59CDF3009B97F0 /* Products */,
			);
			sourceTree = "<group>";
		};
		9B3FC1E91E59CDF3009B97F0 /* Products */ = {
			isa = PBXGroup;
			children = (
				9B3FC1E81E59CDF3009B97F0 /* LegacyiOS.app */,
			);
			name = Products;
			sourceTree = "<group>";
		};
		9B3FC1EA1E59CDF3009B97F0 /* LegacyiOS */ = {
			isa = PBXGroup;
			children = (
				9B3FC1EF1E59CDF3009B97F0 /* Main.storyboard */,
				47B4C8D31FD7154600A4AB25 /* Test.storyboard */,
				9B3FC1F41E59CDF3009B97F0 /* LaunchScreen.storyboard */,
				9B3FC1F21E59CDF3009B97F0 /* Assets.xcassets */,
				9B3FC1F71E59CDF3009B97F0 /* Info.plist */,
				9B3FC1EB1E59CDF3009B97F0 /* AppDelegate.swift */,
				9B3FC1FF1E59CF55009B97F0 /* DataManager.swift */,
				47C7EBAD1FBCE1CC00D66485 /* Helpers.swift */,
				478187A61FAC173300B4F284 /* LoginSigninToggleViewController.swift */,
				47C7EBB11FBCEADB00D66485 /* UserCell.swift */,
				47C7EBA91FBCDB8100D66485 /* HomeViewController.swift */,
				9B3FC1ED1E59CDF3009B97F0 /* FriendsViewController.swift */,
				47D4E5521FD8D52F0024F260 /* LegacyTabBarController.swift */,
				47C7EBB31FBD293C00D66485 /* SearchViewController.swift */,
				470932741FBD403B003A059A /* ProfileViewController.swift */,
				9B4C9FCC1EDA2DA700F6EB1A /* PicturesViewController.swift */,
				475C2DC01F984CDF00ADCEFE /* MyPageViewController.swift */,
				47B869F41FC8C4D400BD7604 /* EditProfileViewController.swift */,
				47B869F61FC8FD6D00BD7604 /* PickerDelegates.swift */,
				47B642681FCF8D36000FD50D /* TextFieldDelegates.swift */,
				47B6426A1FCF98A8000FD50D /* HobbiesTableViewController.swift */,
				47B4C8D11FD6FBB400A4AB25 /* ViewController.swift */,
				4750A0E61FD8ADDC0027BFF4 /* MessagesViewController.swift */,
				4737C68E1FD9822400F2D030 /* MessagesDetailViewController.swift */,
			);
			path = LegacyiOS;
			sourceTree = "<group>";
		};
/* End PBXGroup section */

/* Begin PBXNativeTarget section */
		9B3FC1E71E59CDF3009B97F0 /* CollegeIOS */ = {
			isa = PBXNativeTarget;
			buildConfigurationList = 9B3FC1FA1E59CDF3009B97F0 /* Build configuration list for PBXNativeTarget "CollegeIOS" */;
			buildPhases = (
				9B3FC1E41E59CDF3009B97F0 /* Sources */,
				9B3FC1E51E59CDF3009B97F0 /* Frameworks */,
				9B3FC1E61E59CDF3009B97F0 /* Resources */,
			);
			buildRules = (
			);
			dependencies = (
			);
			name = CollegeIOS;
			productName = CollegeIOS;
			productReference = 9B3FC1E81E59CDF3009B97F0 /* LegacyiOS.app */;
			productType = "com.apple.product-type.application";
		};
/* End PBXNativeTarget section */

/* Begin PBXProject section */
		9B3FC1E01E59CDF3009B97F0 /* Project object */ = {
			isa = PBXProject;
			attributes = {
				KnownAssetTags = (
					0,
					1,
				);
				LastSwiftUpdateCheck = 0820;
				LastUpgradeCheck = 0900;
				ORGANIZATIONNAME = "Jerry Hill";
				TargetAttributes = {
					9B3FC1E71E59CDF3009B97F0 = {
						CreatedOnToolsVersion = 8.2.1;
						DevelopmentTeam = Y6WN3L5622;
						LastSwiftMigration = 0910;
						ProvisioningStyle = Automatic;
					};
				};
			};
			buildConfigurationList = 9B3FC1E31E59CDF3009B97F0 /* Build configuration list for PBXProject "LegacyiOS" */;
			compatibilityVersion = "Xcode 3.2";
			developmentRegion = English;
			hasScannedForEncodings = 0;
			knownRegions = (
				en,
				Base,
			);
			mainGroup = 9B3FC1DF1E59CDF3009B97F0;
			productRefGroup = 9B3FC1E91E59CDF3009B97F0 /* Products */;
			projectDirPath = "";
			projectRoot = "";
			targets = (
				9B3FC1E71E59CDF3009B97F0 /* CollegeIOS */,
			);
		};
/* End PBXProject section */

/* Begin PBXResourcesBuildPhase section */
		9B3FC1E61E59CDF3009B97F0 /* Resources */ = {
			isa = PBXResourcesBuildPhase;
			buildActionMask = 2147483647;
			files = (
				4789126D1FA13C520054F8B1 /* icons8-Settings_50.png in Resources */,
				4789126B1FA13C520054F8B1 /* icons8-Menu_500.png in Resources */,
				478188961FAC1D1200B4F284 /* SIGN IN.png in Resources */,
				4781886B1FAC1D1100B4F284 /* Login with Twitter.png in Resources */,
				478912671FA13C520054F8B1 /* icons8-Contacts_50.png in Resources */,
				478188931FAC1D1200B4F284 /* Rectangle 170.png in Resources */,
				478188351FAC1D1100B4F284 /* Image 4.png in Resources */,
				478188441FAC1D1100B4F284 /* Logo.PNG in Resources */,
				4781886D1FAC1D1100B4F284 /* Password.png in Resources */,
				4789126A1FA13C520054F8B1 /* icons8-Menu_50.png in Resources */,
				478188471FAC1D1100B4F284 /* Elle Boogie.png in Resources */,
				4750A0E01FD8A37F0027BFF4 /* iconPhone.png in Resources */,
				478188331FAC1D1100B4F284 /* Group 315.png in Resources */,
				4789127A1FA14A350054F8B1 /* icons8-Message_100.png in Resources */,
				478188701FAC1D1100B4F284 /* Rectangle 163.png in Resources */,
				478188321FAC1D1100B4F284 /* Group 314.png in Resources */,
				478912831FA152310054F8B1 /* icons8-Message_25.png in Resources */,
				4750A0E41FD8A37F0027BFF4 /* iconHome.png in Resources */,
				478188711FAC1D1100B4F284 /* Rectangle 167.png in Resources */,
				4789126E1FA13C520054F8B1 /* icons8-Settings_500.png in Resources */,
				478912581FA135460054F8B1 /* header.png in Resources */,
				4789125A1FA135460054F8B1 /* minitext.png in Resources */,
				4781887D1FAC1D1100B4F284 /* Email Address.png in Resources */,
				478188821FAC1D1200B4F284 /* Group 303.png in Resources */,
				478188641FAC1D1100B4F284 /* BetterBackground.png in Resources */,
				478188611FAC1D1100B4F284 /* Email Address.png in Resources */,
				4781883E1FAC1D1100B4F284 /* Rectangle 186.png in Resources */,
				478188391FAC1D1100B4F284 /* Login with Facebook.png in Resources */,
				4781885E1FAC1D1100B4F284 /* Terms & Conditions and Privacy Policy.png in Resources */,
				478188941FAC1D1200B4F284 /* Rectangle 171.png in Resources */,
				4781887F1FAC1D1200B4F284 /* First Name.png in Resources */,
				4750A0E91FD8BB390027BFF4 /* LogoSplash.png in Resources */,
				4781888B1FAC1D1200B4F284 /* Line 6.png in Resources */,
				478188891FAC1D1200B4F284 /* Line 3.png in Resources */,
				4781884B1FAC1D1100B4F284 /* Rectangle 193.png in Resources */,
				4781883C1FAC1D1100B4F284 /* Rectangle 181.png in Resources */,
				478188721FAC1D1100B4F284 /* Rectangle 178.png in Resources */,
				4781884F1FAC1D1100B4F284 /* Row-4.png in Resources */,
				478188451FAC1D1100B4F284 /* Avatar.png in Resources */,
				478188841FAC1D1200B4F284 /* Group 305.png in Resources */,
				478188791FAC1D1100B4F284 /* Confirm Email.png in Resources */,
				478188501FAC1D1100B4F284 /* Row-5.png in Resources */,
				4781882F1FAC1D1100B4F284 /* Forgot PasswordPlease enter the email address or mobile numberassociated with your account to receive a reset link..png in Resources */,
				4781884A1FAC1D1100B4F284 /* Mask Group 7.png in Resources */,
				478188461FAC1D1100B4F284 /* Drawer bg.png in Resources */,
				478188621FAC1D1100B4F284 /* Forgot Password.png in Resources */,
				478912691FA13C520054F8B1 /* icons8-Menu_100.png in Resources */,
				478188A61FAC1D1200B4F284 /* Mask Group 8.png in Resources */,
				4781889B1FAC1D1200B4F284 /* Burger Button.png in Resources */,
				4781887B1FAC1D1100B4F284 /* CREATE ACCOUNT.png in Resources */,
				4781889C1FAC1D1200B4F284 /* Group 324.png in Resources */,
				4789125B1FA135460054F8B1 /* signup.png in Resources */,
				478912851FA152C60054F8B1 /* icons8-Search_25.png in Resources */,
				4750A0E51FD8A37F0027BFF4 /* iconPassword.png in Resources */,
				478188741FAC1D1100B4F284 /* SIGN IN.png in Resources */,
				478188A11FAC1D1200B4F284 /* Group 330.png in Resources */,
				478188431FAC1D1100B4F284 /* SIGN UP.png in Resources */,
				478188A21FAC1D1200B4F284 /* Group 331.png in Resources */,
				4750A0E31FD8A37F0027BFF4 /* iconEmail.png in Resources */,
				478188491FAC1D1100B4F284 /* Group 323.png in Resources */,
				4781889F1FAC1D1200B4F284 /* Group 328.png in Resources */,
				478188981FAC1D1200B4F284 /* Tap to Upload a Photo.png in Resources */,
				4781883A1FAC1D1100B4F284 /* Login with Twitter.png in Resources */,
				478188951FAC1D1200B4F284 /* Shape.png in Resources */,
				9B3FC1F61E59CDF3009B97F0 /* LaunchScreen.storyboard in Resources */,
				4781884D1FAC1D1100B4F284 /* Row-2.png in Resources */,
				478188971FAC1D1200B4F284 /* SIGN UP.png in Resources */,
				478188831FAC1D1200B4F284 /* Group 304.png in Resources */,
				4781882E1FAC1D1100B4F284 /* Email Address or Mobile Number.png in Resources */,
				478912661FA13C520054F8B1 /* icons8-Contacts_100.png in Resources */,
				4781885F1FAC1D1100B4F284 /* Welcome, Elle!.png in Resources */,
				478188AA1FAC1D1200B4F284 /* Suggested Legacy Profiles....png in Resources */,
				478912571FA135460054F8B1 /* background.png in Resources */,
				478188311FAC1D1100B4F284 /* Group 313.png in Resources */,
				9B3FC1F31E59CDF3009B97F0 /* Assets.xcassets in Resources */,
				478188481FAC1D1100B4F284 /* Ellipse 40.png in Resources */,
				478188801FAC1D1200B4F284 /* Group 301.png in Resources */,
				4781889E1FAC1D1200B4F284 /* Group 326.png in Resources */,
				4750A0E21FD8A37F0027BFF4 /* iconUser.png in Resources */,
				478188551FAC1D1100B4F284 /* Group 321.png in Resources */,
				47299F5F1FD8C5D8007B2C5B /* icons8-camera-96.png in Resources */,
				478188671FAC1D1100B4F284 /* Image 3.png in Resources */,
				4781889D1FAC1D1200B4F284 /* Group 325.png in Resources */,
				478188911FAC1D1200B4F284 /* Rectangle 168.png in Resources */,
				478188631FAC1D1100B4F284 /* Group 291.png in Resources */,
				478188361FAC1D1100B4F284 /* Image 5.png in Resources */,
				4781884C1FAC1D1100B4F284 /* Row-1.png in Resources */,
				47299F5D1FD8C58F007B2C5B /* icons8-camera-32.png in Resources */,
				4789127D1FA14A350054F8B1 /* icons8-Search_50.png in Resources */,
				4781887A1FAC1D1100B4F284 /* Confirm Password.png in Resources */,
				478188AC1FAC1D1200B4F284 /* You are a Legacy Admin for....png in Resources */,
				4750A0E11FD8A37F0027BFF4 /* iconPuzzle.png in Resources */,
				478188601FAC1D1100B4F284 /* CONTINUE.png in Resources */,
				4750A0EC1FD8BDB10027BFF4 /* Logo180x180.png in Resources */,
				478188A41FAC1D1200B4F284 /* Group 333.png in Resources */,
				4781885D1FAC1D1100B4F284 /* Symbol 1 - 5.png in Resources */,
				4781888C1FAC1D1200B4F284 /* Line 7.png in Resources */,
				478188301FAC1D1100B4F284 /* Go Back.png in Resources */,
				478188511FAC1D1100B4F284 /* Row.png in Resources */,
				4781887E1FAC1D1200B4F284 /* Female.png in Resources */,
				4781883D1FAC1D1100B4F284 /* Rectangle 182.png in Resources */,
				4789127B1FA14A350054F8B1 /* icons8-Search_100.png in Resources */,
				478912811FA151D40054F8B1 /* icons8-Home_25.png in Resources */,
				478188A71FAC1D1200B4F284 /* Name.png in Resources */,
				478188871FAC1D1200B4F284 /* Icon.png in Resources */,
				47B4C8D41FD7154600A4AB25 /* Test.storyboard in Resources */,
				478188881FAC1D1200B4F284 /* Last Name.png in Resources */,
				4781886F1FAC1D1100B4F284 /* Rectangle 162.png in Resources */,
				478188761FAC1D1100B4F284 /* sysbar_dark.png in Resources */,
				478188411FAC1D1100B4F284 /* SEND RESET LINK.png in Resources */,
				478188531FAC1D1100B4F284 /* A confirmation email has been sent toemailaddress@domain.comPlease click on the Verify Email Address linkin the email to begin writing your Legacy..png in Resources */,
				478188A31FAC1D1200B4F284 /* Group 332.png in Resources */,
				4781888D1FAC1D1200B4F284 /* Male.png in Resources */,
				478188991FAC1D1200B4F284 /* Union 30.png in Resources */,
				478188901FAC1D1200B4F284 /* Radiobutton On.png in Resources */,
				478188401FAC1D1100B4F284 /* Rectangle 188.png in Resources */,
				4789126C1FA13C520054F8B1 /* icons8-Settings_100.png in Resources */,
				4789127E1FA14A350054F8B1 /* icons8-Search_500.png in Resources */,
				4781885A1FAC1D1100B4F284 /* Rectangle 191.png in Resources */,
				478188921FAC1D1200B4F284 /* Rectangle 169.png in Resources */,
				478188731FAC1D1100B4F284 /* Rectangle 179.png in Resources */,
				478188851FAC1D1200B4F284 /* Group 312.png in Resources */,
				4781883F1FAC1D1100B4F284 /* Rectangle 187.png in Resources */,
				478188561FAC1D1100B4F284 /* Incorrect Email Address.png in Resources */,
				4789127C1FA14A350054F8B1 /* icons8-Message_50.png in Resources */,
				478188421FAC1D1100B4F284 /* SIGN IN.png in Resources */,
				4781888A1FAC1D1200B4F284 /* Line 4.png in Resources */,
				478188A01FAC1D1200B4F284 /* Group 329.png in Resources */,
				478912731FA1460D0054F8B1 /* icons8-Home_50.png in Resources */,
				478912721FA1460D0054F8B1 /* icons8-Home_100.png in Resources */,
				478188661FAC1D1100B4F284 /* Image 2.png in Resources */,
				47F4D6191FDA0674001D6456 /* iconCamera.png in Resources */,
				4781885B1FAC1D1100B4F284 /* SIGN IN.png in Resources */,
				4781884E1FAC1D1100B4F284 /* Row-3.png in Resources */,
				4781889A1FAC1D1200B4F284 /* Union 32.png in Resources */,
				9B3FC1FE1E59CF20009B97F0 /* ProgrammingNotes.rtf in Resources */,
				478188861FAC1D1200B4F284 /* Icon-1.png in Resources */,
				9B3FC1F11E59CDF3009B97F0 /* Main.storyboard in Resources */,
				478188A51FAC1D1200B4F284 /* Mask Group 28.png in Resources */,
				4781886A1FAC1D1100B4F284 /* Login with Facebook.png in Resources */,
				478188781FAC1D1100B4F284 /* By creating an account, you are agreeing toour Terms & Conditions and Privacy Policy..png in Resources */,
				4781888F1FAC1D1200B4F284 /* Radiobutton Off.png in Resources */,
				478188681FAC1D1100B4F284 /* Line 1.png in Resources */,
				478188371FAC1D1100B4F284 /* Line 10.png in Resources */,
				478188811FAC1D1200B4F284 /* Group 302.png in Resources */,
				478188651FAC1D1100B4F284 /* QuillLogo.png in Resources */,
				4781883B1FAC1D1100B4F284 /* Rectangle 180.png in Resources */,
				4781886E1FAC1D1100B4F284 /* Rectangle 161.png in Resources */,
				478912591FA135460054F8B1 /* login.png in Resources */,
				478188751FAC1D1100B4F284 /* SIGN UP.png in Resources */,
				478188581FAC1D1100B4F284 /* Rectangle 189.png in Resources */,
				478188771FAC1D1100B4F284 /* Union 2.png in Resources */,
				478188381FAC1D1100B4F284 /* Line 11.png in Resources */,
				478188541FAC1D1100B4F284 /* Group 320.png in Resources */,
				4750A0ED1FD8BDB10027BFF4 /* Logo120x120.png in Resources */,
				4781885C1FAC1D1100B4F284 /* SIGN UP.png in Resources */,
				4781886C1FAC1D1100B4F284 /* navbar.png in Resources */,
				478188571FAC1D1100B4F284 /* Mask Group 2.png in Resources */,
				478188A81FAC1D1200B4F284 /* Rectangle 194.png in Resources */,
				4750A0D91FD8A3620027BFF4 /* userPic.png in Resources */,
				4781887C1FAC1D1100B4F284 /* Date of Birth.png in Resources */,
				478188591FAC1D1100B4F284 /* Rectangle 190.png in Resources */,
				478188691FAC1D1100B4F284 /* Line 2.png in Resources */,
				478188341FAC1D1100B4F284 /* Group 316.png in Resources */,
				47FE29991FCDFB35001D64CB /* icons8-Contacts_25.png in Resources */,
			);
			runOnlyForDeploymentPostprocessing = 0;
		};
/* End PBXResourcesBuildPhase section */

/* Begin PBXSourcesBuildPhase section */
		9B3FC1E41E59CDF3009B97F0 /* Sources */ = {
			isa = PBXSourcesBuildPhase;
			buildActionMask = 2147483647;
			files = (
				47B869F51FC8C4D400BD7604 /* EditProfileViewController.swift in Sources */,
				47C7EBB21FBCEADB00D66485 /* UserCell.swift in Sources */,
				47B142F41F99644F00F98490 /* MyPageViewController.swift in Sources */,
				478187A71FAC173300B4F284 /* LoginSigninToggleViewController.swift in Sources */,
				47B869F71FC8FD6D00BD7604 /* PickerDelegates.swift in Sources */,
				4737C68F1FD9822400F2D030 /* MessagesDetailViewController.swift in Sources */,
				47B142F11F99644500F98490 /* FriendsViewController.swift in Sources */,
				47B642691FCF8D36000FD50D /* TextFieldDelegates.swift in Sources */,
				47B142F31F99644B00F98490 /* PicturesViewController.swift in Sources */,
				47D4E5531FD8D52F0024F260 /* LegacyTabBarController.swift in Sources */,
				47B4C8D21FD6FBB400A4AB25 /* ViewController.swift in Sources */,
				47C7EBB41FBD293C00D66485 /* SearchViewController.swift in Sources */,
				47C7EBAA1FBCDB8100D66485 /* HomeViewController.swift in Sources */,
				4750A0E71FD8ADDC0027BFF4 /* MessagesViewController.swift in Sources */,
				47B142F21F99644900F98490 /* DataManager.swift in Sources */,
				47B6426B1FCF98A8000FD50D /* HobbiesTableViewController.swift in Sources */,
				47C7EBAE1FBCE1CC00D66485 /* Helpers.swift in Sources */,
				470932751FBD403B003A059A /* ProfileViewController.swift in Sources */,
				47B142F01F99644300F98490 /* AppDelegate.swift in Sources */,
			);
			runOnlyForDeploymentPostprocessing = 0;
		};
/* End PBXSourcesBuildPhase section */

/* Begin PBXVariantGroup section */
		9B3FC1EF1E59CDF3009B97F0 /* Main.storyboard */ = {
			isa = PBXVariantGroup;
			children = (
				9B3FC1F01E59CDF3009B97F0 /* Base */,
			);
			name = Main.storyboard;
			sourceTree = "<group>";
		};
		9B3FC1F41E59CDF3009B97F0 /* LaunchScreen.storyboard */ = {
			isa = PBXVariantGroup;
			children = (
				9B3FC1F51E59CDF3009B97F0 /* Base */,
			);
			name = LaunchScreen.storyboard;
			sourceTree = "<group>";
		};
/* End PBXVariantGroup section */

/* Begin XCBuildConfiguration section */
		9B3FC1F81E59CDF3009B97F0 /* Debug */ = {
			isa = XCBuildConfiguration;
			buildSettings = {
				ALWAYS_SEARCH_USER_PATHS = NO;
				CLANG_ANALYZER_NONNULL = YES;
				CLANG_CXX_LANGUAGE_STANDARD = "gnu++0x";
				CLANG_CXX_LIBRARY = "libc++";
				CLANG_ENABLE_MODULES = YES;
				CLANG_ENABLE_OBJC_ARC = YES;
				CLANG_WARN_BLOCK_CAPTURE_AUTORELEASING = YES;
				CLANG_WARN_BOOL_CONVERSION = YES;
				CLANG_WARN_COMMA = YES;
				CLANG_WARN_CONSTANT_CONVERSION = YES;
				CLANG_WARN_DIRECT_OBJC_ISA_USAGE = YES_ERROR;
				CLANG_WARN_DOCUMENTATION_COMMENTS = YES;
				CLANG_WARN_EMPTY_BODY = YES;
				CLANG_WARN_ENUM_CONVERSION = YES;
				CLANG_WARN_INFINITE_RECURSION = YES;
				CLANG_WARN_INT_CONVERSION = YES;
				CLANG_WARN_NON_LITERAL_NULL_CONVERSION = YES;
				CLANG_WARN_OBJC_LITERAL_CONVERSION = YES;
				CLANG_WARN_OBJC_ROOT_CLASS = YES_ERROR;
				CLANG_WARN_RANGE_LOOP_ANALYSIS = YES;
				CLANG_WARN_STRICT_PROTOTYPES = YES;
				CLANG_WARN_SUSPICIOUS_MOVE = YES;
				CLANG_WARN_UNREACHABLE_CODE = YES;
				CLANG_WARN__DUPLICATE_METHOD_MATCH = YES;
				"CODE_SIGN_IDENTITY[sdk=iphoneos*]" = "iPhone Developer";
				COPY_PHASE_STRIP = NO;
				DEBUG_INFORMATION_FORMAT = dwarf;
				ENABLE_STRICT_OBJC_MSGSEND = YES;
				ENABLE_TESTABILITY = YES;
				GCC_C_LANGUAGE_STANDARD = gnu99;
				GCC_DYNAMIC_NO_PIC = NO;
				GCC_NO_COMMON_BLOCKS = YES;
				GCC_OPTIMIZATION_LEVEL = 0;
				GCC_PREPROCESSOR_DEFINITIONS = (
					"DEBUG=1",
					"$(inherited)",
				);
				GCC_WARN_64_TO_32_BIT_CONVERSION = YES;
				GCC_WARN_ABOUT_RETURN_TYPE = YES_ERROR;
				GCC_WARN_UNDECLARED_SELECTOR = YES;
				GCC_WARN_UNINITIALIZED_AUTOS = YES_AGGRESSIVE;
				GCC_WARN_UNUSED_FUNCTION = YES;
				GCC_WARN_UNUSED_VARIABLE = YES;
				INFOPLIST_FILE = Legacy.iOS;
				IPHONEOS_DEPLOYMENT_TARGET = 10.2;
				MTL_ENABLE_DEBUG_INFO = YES;
				ONLY_ACTIVE_ARCH = YES;
				PRODUCT_NAME = Legacy.iOS;
				SDKROOT = iphoneos;
				SWIFT_ACTIVE_COMPILATION_CONDITIONS = DEBUG;
				SWIFT_OPTIMIZATION_LEVEL = "-Onone";
			};
			name = Debug;
		};
		9B3FC1F91E59CDF3009B97F0 /* Release */ = {
			isa = XCBuildConfiguration;
			buildSettings = {
				ALWAYS_SEARCH_USER_PATHS = NO;
				CLANG_ANALYZER_NONNULL = YES;
				CLANG_CXX_LANGUAGE_STANDARD = "gnu++0x";
				CLANG_CXX_LIBRARY = "libc++";
				CLANG_ENABLE_MODULES = YES;
				CLANG_ENABLE_OBJC_ARC = YES;
				CLANG_WARN_BLOCK_CAPTURE_AUTORELEASING = YES;
				CLANG_WARN_BOOL_CONVERSION = YES;
				CLANG_WARN_COMMA = YES;
				CLANG_WARN_CONSTANT_CONVERSION = YES;
				CLANG_WARN_DIRECT_OBJC_ISA_USAGE = YES_ERROR;
				CLANG_WARN_DOCUMENTATION_COMMENTS = YES;
				CLANG_WARN_EMPTY_BODY = YES;
				CLANG_WARN_ENUM_CONVERSION = YES;
				CLANG_WARN_INFINITE_RECURSION = YES;
				CLANG_WARN_INT_CONVERSION = YES;
				CLANG_WARN_NON_LITERAL_NULL_CONVERSION = YES;
				CLANG_WARN_OBJC_LITERAL_CONVERSION = YES;
				CLANG_WARN_OBJC_ROOT_CLASS = YES_ERROR;
				CLANG_WARN_RANGE_LOOP_ANALYSIS = YES;
				CLANG_WARN_STRICT_PROTOTYPES = YES;
				CLANG_WARN_SUSPICIOUS_MOVE = YES;
				CLANG_WARN_UNREACHABLE_CODE = YES;
				CLANG_WARN__DUPLICATE_METHOD_MATCH = YES;
				"CODE_SIGN_IDENTITY[sdk=iphoneos*]" = "iPhone Developer";
				COPY_PHASE_STRIP = NO;
				DEBUG_INFORMATION_FORMAT = "dwarf-with-dsym";
				ENABLE_NS_ASSERTIONS = NO;
				ENABLE_STRICT_OBJC_MSGSEND = YES;
				GCC_C_LANGUAGE_STANDARD = gnu99;
				GCC_NO_COMMON_BLOCKS = YES;
				GCC_WARN_64_TO_32_BIT_CONVERSION = YES;
				GCC_WARN_ABOUT_RETURN_TYPE = YES_ERROR;
				GCC_WARN_UNDECLARED_SELECTOR = YES;
				GCC_WARN_UNINITIALIZED_AUTOS = YES_AGGRESSIVE;
				GCC_WARN_UNUSED_FUNCTION = YES;
				GCC_WARN_UNUSED_VARIABLE = YES;
				INFOPLIST_FILE = Legacy.iOS;
				IPHONEOS_DEPLOYMENT_TARGET = 10.2;
				MTL_ENABLE_DEBUG_INFO = NO;
				PRODUCT_NAME = Legacy.iOS;
				SDKROOT = iphoneos;
				SWIFT_OPTIMIZATION_LEVEL = "-Owholemodule";
				VALIDATE_PRODUCT = YES;
			};
			name = Release;
		};
		9B3FC1FB1E59CDF3009B97F0 /* Debug */ = {
			isa = XCBuildConfiguration;
			buildSettings = {
				ASSETCATALOG_COMPILER_APPICON_NAME = AppIcon;
				CLANG_ENABLE_MODULES = YES;
				DEVELOPMENT_TEAM = Y6WN3L5622;
				INFOPLIST_FILE = LegacyiOS/Info.plist;
				IPHONEOS_DEPLOYMENT_TARGET = 11.0;
				LD_RUNPATH_SEARCH_PATHS = "$(inherited) @executable_path/Frameworks";
				PRODUCT_BUNDLE_IDENTIFIER = com.jumpcreek.com.LegacyiOS;
				PRODUCT_NAME = LegacyiOS;
				SWIFT_OBJC_BRIDGING_HEADER = "";
				SWIFT_OPTIMIZATION_LEVEL = "-Onone";
				SWIFT_SWIFT3_OBJC_INFERENCE = Default;
				SWIFT_VERSION = 4.0;
			};
			name = Debug;
		};
		9B3FC1FC1E59CDF3009B97F0 /* Release */ = {
			isa = XCBuildConfiguration;
			buildSettings = {
				ASSETCATALOG_COMPILER_APPICON_NAME = AppIcon;
				CLANG_ENABLE_MODULES = YES;
				DEVELOPMENT_TEAM = Y6WN3L5622;
				INFOPLIST_FILE = LegacyiOS/Info.plist;
				IPHONEOS_DEPLOYMENT_TARGET = 11.0;
				LD_RUNPATH_SEARCH_PATHS = "$(inherited) @executable_path/Frameworks";
				PRODUCT_BUNDLE_IDENTIFIER = com.jumpcreek.com.LegacyiOS;
				PRODUCT_NAME = LegacyiOS;
				SWIFT_OBJC_BRIDGING_HEADER = "";
				SWIFT_SWIFT3_OBJC_INFERENCE = Default;
				SWIFT_VERSION = 4.0;
			};
			name = Release;
		};
/* End XCBuildConfiguration section */

/* Begin XCConfigurationList section */
		9B3FC1E31E59CDF3009B97F0 /* Build configuration list for PBXProject "LegacyiOS" */ = {
			isa = XCConfigurationList;
			buildConfigurations = (
				9B3FC1F81E59CDF3009B97F0 /* Debug */,
				9B3FC1F91E59CDF3009B97F0 /* Release */,
			);
			defaultConfigurationIsVisible = 0;
			defaultConfigurationName = Release;
		};
		9B3FC1FA1E59CDF3009B97F0 /* Build configuration list for PBXNativeTarget "CollegeIOS" */ = {
			isa = XCConfigurationList;
			buildConfigurations = (
				9B3FC1FB1E59CDF3009B97F0 /* Debug */,
				9B3FC1FC1E59CDF3009B97F0 /* Release */,
			);
			defaultConfigurationIsVisible = 0;
			defaultConfigurationName = Release;
		};
/* End XCConfigurationList section */
	};
	rootObject = 9B3FC1E01E59CDF3009B97F0 /* Project object */;
}
